// !$*UTF8*$!
{
	archiveVersion = 1;
	classes = {
	};
	objectVersion = 46;
	objects = {

/* Begin PBXBuildFile section */
		D84451D9198B7B640017DD19 /* Foundation.framework in Frameworks */ = {isa = PBXBuildFile; fileRef = D84451D8198B7B640017DD19 /* Foundation.framework */; };
		D84451DB198B7B640017DD19 /* CoreGraphics.framework in Frameworks */ = {isa = PBXBuildFile; fileRef = D84451DA198B7B640017DD19 /* CoreGraphics.framework */; };
		D84451DD198B7B640017DD19 /* UIKit.framework in Frameworks */ = {isa = PBXBuildFile; fileRef = D84451DC198B7B640017DD19 /* UIKit.framework */; };
		D84451E3198B7B640017DD19 /* InfoPlist.strings in Resources */ = {isa = PBXBuildFile; fileRef = D84451E1198B7B640017DD19 /* InfoPlist.strings */; };
		D84451E5198B7B640017DD19 /* main.m in Sources */ = {isa = PBXBuildFile; fileRef = D84451E4198B7B640017DD19 /* main.m */; };
		D84451E9198B7B640017DD19 /* MyUIAppDelegate.m in Sources */ = {isa = PBXBuildFile; fileRef = D84451E8198B7B640017DD19 /* MyUIAppDelegate.m */; };
		D84451EB198B7B640017DD19 /* Images.xcassets in Resources */ = {isa = PBXBuildFile; fileRef = D84451EA198B7B640017DD19 /* Images.xcassets */; };
		D84451F2198B7B640017DD19 /* XCTest.framework in Frameworks */ = {isa = PBXBuildFile; fileRef = D84451F1198B7B640017DD19 /* XCTest.framework */; };
		D84451F3198B7B640017DD19 /* Foundation.framework in Frameworks */ = {isa = PBXBuildFile; fileRef = D84451D8198B7B640017DD19 /* Foundation.framework */; };
		D84451F4198B7B640017DD19 /* UIKit.framework in Frameworks */ = {isa = PBXBuildFile; fileRef = D84451DC198B7B640017DD19 /* UIKit.framework */; };
		D84451FC198B7B640017DD19 /* InfoPlist.strings in Resources */ = {isa = PBXBuildFile; fileRef = D84451FA198B7B640017DD19 /* InfoPlist.strings */; };
		D84451FE198B7B640017DD19 /* DIYCellTests.m in Sources */ = {isa = PBXBuildFile; fileRef = D84451FD198B7B640017DD19 /* DIYCellTests.m */; };
		D844520F198B89BB0017DD19 /* MyUITableViewController.m in Sources */ = {isa = PBXBuildFile; fileRef = D844520D198B89BB0017DD19 /* MyUITableViewController.m */; };
		D8445210198B89BB0017DD19 /* MyUITableViewController.xib in Resources */ = {isa = PBXBuildFile; fileRef = D844520E198B89BB0017DD19 /* MyUITableViewController.xib */; };
		D8445212198B8A610017DD19 /* Main.xib in Resources */ = {isa = PBXBuildFile; fileRef = D8445211198B8A610017DD19 /* Main.xib */; };
/* End PBXBuildFile section */

/* Begin PBXContainerItemProxy section */
		D84451F5198B7B640017DD19 /* PBXContainerItemProxy */ = {
			isa = PBXContainerItemProxy;
			containerPortal = D84451CD198B7B640017DD19 /* Project object */;
			proxyType = 1;
			remoteGlobalIDString = D84451D4198B7B640017DD19;
			remoteInfo = DIYCell;
		};
/* End PBXContainerItemProxy section */

/* Begin PBXFileReference section */
		D84451D5198B7B640017DD19 /* DIYCell.app */ = {isa = PBXFileReference; explicitFileType = wrapper.application; includeInIndex = 0; path = DIYCell.app; sourceTree = BUILT_PRODUCTS_DIR; };
		D84451D8198B7B640017DD19 /* Foundation.framework */ = {isa = PBXFileReference; lastKnownFileType = wrapper.framework; name = Foundation.framework; path = System/Library/Frameworks/Foundation.framework; sourceTree = SDKROOT; };
		D84451DA198B7B640017DD19 /* CoreGraphics.framework */ = {isa = PBXFileReference; lastKnownFileType = wrapper.framework; name = CoreGraphics.framework; path = System/Library/Frameworks/CoreGraphics.framework; sourceTree = SDKROOT; };
		D84451DC198B7B640017DD19 /* UIKit.framework */ = {isa = PBXFileReference; lastKnownFileType = wrapper.framework; name = UIKit.framework; path = System/Library/Frameworks/UIKit.framework; sourceTree = SDKROOT; };
		D84451E0198B7B640017DD19 /* DIYCell-Info.plist */ = {isa = PBXFileReference; lastKnownFileType = text.plist.xml; path = "DIYCell-Info.plist"; sourceTree = "<group>"; };
		D84451E2198B7B640017DD19 /* en */ = {isa = PBXFileReference; lastKnownFileType = text.plist.strings; name = en; path = en.lproj/InfoPlist.strings; sourceTree = "<group>"; };
		D84451E4198B7B640017DD19 /* main.m */ = {isa = PBXFileReference; lastKnownFileType = sourcecode.c.objc; path = main.m; sourceTree = "<group>"; };
		D84451E6198B7B640017DD19 /* DIYCell-Prefix.pch */ = {isa = PBXFileReference; lastKnownFileType = sourcecode.c.h; path = "DIYCell-Prefix.pch"; sourceTree = "<group>"; };
		D84451E7198B7B640017DD19 /* MyUIAppDelegate.h */ = {isa = PBXFileReference; lastKnownFileType = sourcecode.c.h; path = MyUIAppDelegate.h; sourceTree = "<group>"; };
		D84451E8198B7B640017DD19 /* MyUIAppDelegate.m */ = {isa = PBXFileReference; lastKnownFileType = sourcecode.c.objc; path = MyUIAppDelegate.m; sourceTree = "<group>"; };
		D84451EA198B7B640017DD19 /* Images.xcassets */ = {isa = PBXFileReference; lastKnownFileType = folder.assetcatalog; path = Images.xcassets; sourceTree = "<group>"; };
		D84451F0198B7B640017DD19 /* DIYCellTests.xctest */ = {isa = PBXFileReference; explicitFileType = wrapper.cfbundle; includeInIndex = 0; path = DIYCellTests.xctest; sourceTree = BUILT_PRODUCTS_DIR; };
		D84451F1198B7B640017DD19 /* XCTest.framework */ = {isa = PBXFileReference; lastKnownFileType = wrapper.framework; name = XCTest.framework; path = Library/Frameworks/XCTest.framework; sourceTree = DEVELOPER_DIR; };
		D84451F9198B7B640017DD19 /* DIYCellTests-Info.plist */ = {isa = PBXFileReference; lastKnownFileType = text.plist.xml; path = "DIYCellTests-Info.plist"; sourceTree = "<group>"; };
		D84451FB198B7B640017DD19 /* en */ = {isa = PBXFileReference; lastKnownFileType = text.plist.strings; name = en; path = en.lproj/InfoPlist.strings; sourceTree = "<group>"; };
		D84451FD198B7B640017DD19 /* DIYCellTests.m */ = {isa = PBXFileReference; lastKnownFileType = sourcecode.c.objc; path = DIYCellTests.m; sourceTree = "<group>"; };
		D844520C198B89BB0017DD19 /* MyUITableViewController.h */ = {isa = PBXFileReference; fileEncoding = 4; lastKnownFileType = sourcecode.c.h; path = MyUITableViewController.h; sourceTree = "<group>"; };
		D844520D198B89BB0017DD19 /* MyUITableViewController.m */ = {isa = PBXFileReference; fileEncoding = 4; lastKnownFileType = sourcecode.c.objc; path = MyUITableViewController.m; sourceTree = "<group>"; };
		D844520E198B89BB0017DD19 /* MyUITableViewController.xib */ = {isa = PBXFileReference; fileEncoding = 4; lastKnownFileType = file.xib; path = MyUITableViewController.xib; sourceTree = "<group>"; };
		D8445211198B8A610017DD19 /* Main.xib */ = {isa = PBXFileReference; fileEncoding = 4; lastKnownFileType = file.xib; path = Main.xib; sourceTree = "<group>"; };
/* End PBXFileReference section */

/* Begin PBXFrameworksBuildPhase section */
		D84451D2198B7B640017DD19 /* Frameworks */ = {
			isa = PBXFrameworksBuildPhase;
			buildActionMask = 2147483647;
			files = (
				D84451DB198B7B640017DD19 /* CoreGraphics.framework in Frameworks */,
				D84451DD198B7B640017DD19 /* UIKit.framework in Frameworks */,
				D84451D9198B7B640017DD19 /* Foundation.framework in Frameworks */,
			);
			runOnlyForDeploymentPostprocessing = 0;
		};
		D84451ED198B7B640017DD19 /* Frameworks */ = {
			isa = PBXFrameworksBuildPhase;
			buildActionMask = 2147483647;
			files = (
				D84451F2198B7B640017DD19 /* XCTest.framework in Frameworks */,
				D84451F4198B7B640017DD19 /* UIKit.framework in Frameworks */,
				D84451F3198B7B640017DD19 /* Foundation.framework in Frameworks */,
			);
			runOnlyForDeploymentPostprocessing = 0;
		};
/* End PBXFrameworksBuildPhase section */

/* Begin PBXGroup section */
		D84451CC198B7B640017DD19 = {
			isa = PBXGroup;
			children = (
				D84451DE198B7B640017DD19 /* DIYCell */,
				D84451F7198B7B640017DD19 /* DIYCellTests */,
				D84451D7198B7B640017DD19 /* Frameworks */,
				D84451D6198B7B640017DD19 /* Products */,
			);
			sourceTree = "<group>";
		};
		D84451D6198B7B640017DD19 /* Products */ = {
			isa = PBXGroup;
			children = (
				D84451D5198B7B640017DD19 /* DIYCell.app */,
				D84451F0198B7B640017DD19 /* DIYCellTests.xctest */,
			);
			name = Products;
			sourceTree = "<group>";
		};
		D84451D7198B7B640017DD19 /* Frameworks */ = {
			isa = PBXGroup;
			children = (
				D84451D8198B7B640017DD19 /* Foundation.framework */,
				D84451DA198B7B640017DD19 /* CoreGraphics.framework */,
				D84451DC198B7B640017DD19 /* UIKit.framework */,
				D84451F1198B7B640017DD19 /* XCTest.framework */,
			);
			name = Frameworks;
			sourceTree = "<group>";
		};
		D84451DE198B7B640017DD19 /* DIYCell */ = {
			isa = PBXGroup;
			children = (
				D84451E7198B7B640017DD19 /* MyUIAppDelegate.h */,
				D84451E8198B7B640017DD19 /* MyUIAppDelegate.m */,
				D8445211198B8A610017DD19 /* Main.xib */,
				D844520E198B89BB0017DD19 /* MyUITableViewController.xib */,
				D844520C198B89BB0017DD19 /* MyUITableViewController.h */,
				D844520D198B89BB0017DD19 /* MyUITableViewController.m */,
				D84451EA198B7B640017DD19 /* Images.xcassets */,
				D84451DF198B7B640017DD19 /* Supporting Files */,
			);
			path = DIYCell;
			sourceTree = "<group>";
		};
		D84451DF198B7B640017DD19 /* Supporting Files */ = {
			isa = PBXGroup;
			children = (
				D84451E0198B7B640017DD19 /* DIYCell-Info.plist */,
				D84451E1198B7B640017DD19 /* InfoPlist.strings */,
				D84451E4198B7B640017DD19 /* main.m */,
				D84451E6198B7B640017DD19 /* DIYCell-Prefix.pch */,
			);
			name = "Supporting Files";
			sourceTree = "<group>";
		};
		D84451F7198B7B640017DD19 /* DIYCellTests */ = {
			isa = PBXGroup;
			children = (
				D84451FD198B7B640017DD19 /* DIYCellTests.m */,
				D84451F8198B7B640017DD19 /* Supporting Files */,
			);
			path = DIYCellTests;
			sourceTree = "<group>";
		};
		D84451F8198B7B640017DD19 /* Supporting Files */ = {
			isa = PBXGroup;
			children = (
				D84451F9198B7B640017DD19 /* DIYCellTests-Info.plist */,
				D84451FA198B7B640017DD19 /* InfoPlist.strings */,
			);
			name = "Supporting Files";
			sourceTree = "<group>";
		};
/* End PBXGroup section */

/* Begin PBXNativeTarget section */
		D84451D4198B7B640017DD19 /* DIYCell */ = {
			isa = PBXNativeTarget;
			buildConfigurationList = D8445201198B7B640017DD19 /* Build configuration list for PBXNativeTarget "DIYCell" */;
			buildPhases = (
				D84451D1198B7B640017DD19 /* Sources */,
				D84451D2198B7B640017DD19 /* Frameworks */,
				D84451D3198B7B640017DD19 /* Resources */,
			);
			buildRules = (
			);
			dependencies = (
			);
			name = DIYCell;
			productName = DIYCell;
			productReference = D84451D5198B7B640017DD19 /* DIYCell.app */;
			productType = "com.apple.product-type.application";
		};
		D84451EF198B7B640017DD19 /* DIYCellTests */ = {
			isa = PBXNativeTarget;
			buildConfigurationList = D8445204198B7B640017DD19 /* Build configuration list for PBXNativeTarget "DIYCellTests" */;
			buildPhases = (
				D84451EC198B7B640017DD19 /* Sources */,
				D84451ED198B7B640017DD19 /* Frameworks */,
				D84451EE198B7B640017DD19 /* Resources */,
			);
			buildRules = (
			);
			dependencies = (
				D84451F6198B7B640017DD19 /* PBXTargetDependency */,
			);
			name = DIYCellTests;
			productName = DIYCellTests;
			productReference = D84451F0198B7B640017DD19 /* DIYCellTests.xctest */;
			productType = "com.apple.product-type.bundle.unit-test";
		};
/* End PBXNativeTarget section */

/* Begin PBXProject section */
		D84451CD198B7B640017DD19 /* Project object */ = {
			isa = PBXProject;
			attributes = {
				CLASSPREFIX = MyUI;
				LastUpgradeCheck = 0510;
				ORGANIZATIONNAME = Joe;
				TargetAttributes = {
					D84451EF198B7B640017DD19 = {
						TestTargetID = D84451D4198B7B640017DD19;
					};
				};
			};
			buildConfigurationList = D84451D0198B7B640017DD19 /* Build configuration list for PBXProject "DIYCell" */;
			compatibilityVersion = "Xcode 3.2";
			developmentRegion = English;
			hasScannedForEncodings = 0;
			knownRegions = (
				en,
			);
			mainGroup = D84451CC198B7B640017DD19;
			productRefGroup = D84451D6198B7B640017DD19 /* Products */;
			projectDirPath = "";
			projectRoot = "";
			targets = (
				D84451D4198B7B640017DD19 /* DIYCell */,
				D84451EF198B7B640017DD19 /* DIYCellTests */,
			);
		};
/* End PBXProject section */

/* Begin PBXResourcesBuildPhase section */
		D84451D3198B7B640017DD19 /* Resources */ = {
			isa = PBXResourcesBuildPhase;
			buildActionMask = 2147483647;
			files = (
				D84451E3198B7B640017DD19 /* InfoPlist.strings in Resources */,
				D84451EB198B7B640017DD19 /* Images.xcassets in Resources */,
				D8445212198B8A610017DD19 /* Main.xib in Resources */,
				D8445210198B89BB0017DD19 /* MyUITableViewController.xib in Resources */,
			);
			runOnlyForDeploymentPostprocessing = 0;
		};
		D84451EE198B7B640017DD19 /* Resources */ = {
			isa = PBXResourcesBuildPhase;
			buildActionMask = 2147483647;
			files = (
				D84451FC198B7B640017DD19 /* InfoPlist.strings in Resources */,
			);
			runOnlyForDeploymentPostprocessing = 0;
		};
/* End PBXResourcesBuildPhase section */

/* Begin PBXSourcesBuildPhase section */
		D84451D1198B7B640017DD19 /* Sources */ = {
			isa = PBXSourcesBuildPhase;
			buildActionMask = 2147483647;
			files = (
				D844520F198B89BB0017DD19 /* MyUITableViewController.m in Sources */,
				D84451E9198B7B640017DD19 /* MyUIAppDelegate.m in Sources */,
				D84451E5198B7B640017DD19 /* main.m in Sources */,
			);
			runOnlyForDeploymentPostprocessing = 0;
		};
		D84451EC198B7B640017DD19 /* Sources */ = {
			isa = PBXSourcesBuildPhase;
			buildActionMask = 2147483647;
			files = (
				D84451FE198B7B640017DD19 /* DIYCellTests.m in Sources */,
			);
			runOnlyForDeploymentPostprocessing = 0;
		};
/* End PBXSourcesBuildPhase section */

/* Begin PBXTargetDependency section */
		D84451F6198B7B640017DD19 /* PBXTargetDependency */ = {
			isa = PBXTargetDependency;
			target = D84451D4198B7B640017DD19 /* DIYCell */;
			targetProxy = D84451F5198B7B640017DD19 /* PBXContainerItemProxy */;
		};
/* End PBXTargetDependency section */

/* Begin PBXVariantGroup section */
		D84451E1198B7B640017DD19 /* InfoPlist.strings */ = {
			isa = PBXVariantGroup;
			children = (
				D84451E2198B7B640017DD19 /* en */,
			);
			name = InfoPlist.strings;
			sourceTree = "<group>";
		};
		D84451FA198B7B640017DD19 /* InfoPlist.strings */ = {
			isa = PBXVariantGroup;
			children = (
				D84451FB198B7B640017DD19 /* en */,
			);
			name = InfoPlist.strings;
			sourceTree = "<group>";
		};
/* End PBXVariantGroup section */

/* Begin XCBuildConfiguration section */
		D84451FF198B7B640017DD19 /* Debug */ = {
			isa = XCBuildConfiguration;
			buildSettings = {
				ALWAYS_SEARCH_USER_PATHS = NO;
				CLANG_CXX_LANGUAGE_STANDARD = "gnu++0x";
				CLANG_CXX_LIBRARY = "libc++";
				CLANG_ENABLE_MODULES = YES;
				CLANG_ENABLE_OBJC_ARC = YES;
				CLANG_WARN_BOOL_CONVERSION = YES;
				CLANG_WARN_CONSTANT_CONVERSION = YES;
				CLANG_WARN_DIRECT_OBJC_ISA_USAGE = YES_ERROR;
				CLANG_WARN_EMPTY_BODY = YES;
				CLANG_WARN_ENUM_CONVERSION = YES;
				CLANG_WARN_INT_CONVERSION = YES;
				CLANG_WARN_OBJC_ROOT_CLASS = YES_ERROR;
				CLANG_WARN__DUPLICATE_METHOD_MATCH = YES;
				"CODE_SIGN_IDENTITY[sdk=iphoneos*]" = "iPhone Developer";
				COPY_PHASE_STRIP = NO;
				GCC_C_LANGUAGE_STANDARD = gnu99;
				GCC_DYNAMIC_NO_PIC = NO;
				GCC_OPTIMIZATION_LEVEL = 0;
				GCC_PREPROCESSOR_DEFINITIONS = (
					"DEBUG=1",
					"$(inherited)",
				);
				GCC_SYMBOLS_PRIVATE_EXTERN = NO;
				GCC_WARN_64_TO_32_BIT_CONVERSION = YES;
				GCC_WARN_ABOUT_RETURN_TYPE = YES_ERROR;
				GCC_WARN_UNDECLARED_SELECTOR = YES;
				GCC_WARN_UNINITIALIZED_AUTOS = YES_AGGRESSIVE;
				GCC_WARN_UNUSED_FUNCTION = YES;
				GCC_WARN_UNUSED_VARIABLE = YES;
				IPHONEOS_DEPLOYMENT_TARGET = 7.1;
				ONLY_ACTIVE_ARCH = YES;
				SDKROOT = iphoneos;
			};
			name = Debug;
		};
		D8445200198B7B640017DD19 /* Release */ = {
			isa = XCBuildConfiguration;
			buildSettings = {
				ALWAYS_SEARCH_USER_PATHS = NO;
				CLANG_CXX_LANGUAGE_STANDARD = "gnu++0x";
				CLANG_CXX_LIBRARY = "libc++";
				CLANG_ENABLE_MODULES = YES;
				CLANG_ENABLE_OBJC_ARC = YES;
				CLANG_WARN_BOOL_CONVERSION = YES;
				CLANG_WARN_CONSTANT_CONVERSION = YES;
				CLANG_WARN_DIRECT_OBJC_ISA_USAGE = YES_ERROR;
				CLANG_WARN_EMPTY_BODY = YES;
				CLANG_WARN_ENUM_CONVERSION = YES;
				CLANG_WARN_INT_CONVERSION = YES;
				CLANG_WARN_OBJC_ROOT_CLASS = YES_ERROR;
				CLANG_WARN__DUPLICATE_METHOD_MATCH = YES;
				"CODE_SIGN_IDENTITY[sdk=iphoneos*]" = "iPhone Developer";
				COPY_PHASE_STRIP = YES;
				ENABLE_NS_ASSERTIONS = NO;
				GCC_C_LANGUAGE_STANDARD = gnu99;
				GCC_WARN_64_TO_32_BIT_CONVERSION = YES;
				GCC_WARN_ABOUT_RETURN_TYPE = YES_ERROR;
				GCC_WARN_UNDECLARED_SELECTOR = YES;
				GCC_WARN_UNINITIALIZED_AUTOS = YES_AGGRESSIVE;
				GCC_WARN_UNUSED_FUNCTION = YES;
				GCC_WARN_UNUSED_VARIABLE = YES;
				IPHONEOS_DEPLOYMENT_TARGET = 7.1;
				SDKROOT = iphoneos;
				VALIDATE_PRODUCT = YES;
			};
			name = Release;
		};
		D8445202198B7B640017DD19 /* Debug */ = {
			isa = XCBuildConfiguration;
			buildSettings = {
				ASSETCATALOG_COMPILER_APPICON_NAME = AppIcon;
				ASSETCATALOG_COMPILER_LAUNCHIMAGE_NAME = LaunchImage;
				GCC_PRECOMPILE_PREFIX_HEADER = YES;
				GCC_PREFIX_HEADER = "DIYCell/DIYCell-Prefix.pch";
				INFOPLIST_FILE = "DIYCell/DIYCell-Info.plist";
				PRODUCT_NAME = "$(TARGET_NAME)";
				WRAPPER_EXTENSION = app;
			};
			name = Debug;
		};
		D8445203198B7B640017DD19 /* Release */ = {
			isa = XCBuildConfiguration;
			buildSettings = {
				ASSETCATALOG_COMPILER_APPICON_NAME = AppIcon;
				ASSETCATALOG_COMPILER_LAUNCHIMAGE_NAME = LaunchImage;
				GCC_PRECOMPILE_PREFIX_HEADER = YES;
				GCC_PREFIX_HEADER = "DIYCell/DIYCell-Prefix.pch";
				INFOPLIST_FILE = "DIYCell/DIYCell-Info.plist";
				PRODUCT_NAME = "$(TARGET_NAME)";
				WRAPPER_EXTENSION = app;
			};
			name = Release;
		};
		D8445205198B7B640017DD19 /* Debug */ = {
			isa = XCBuildConfiguration;
			buildSettings = {
				BUNDLE_LOADER = "$(BUILT_PRODUCTS_DIR)/DIYCell.app/DIYCell";
				FRAMEWORK_SEARCH_PATHS = (
					"$(SDKROOT)/Developer/Library/Frameworks",
					"$(inherited)",
					"$(DEVELOPER_FRAMEWORKS_DIR)",
				);
				GCC_PRECOMPILE_PREFIX_HEADER = YES;
				GCC_PREFIX_HEADER = "DIYCell/DIYCell-Prefix.pch";
				GCC_PREPROCESSOR_DEFINITIONS = (
					"DEBUG=1",
					"$(inherited)",
				);
				INFOPLIST_FILE = "DIYCellTests/DIYCellTests-Info.plist";
				PRODUCT_NAME = "$(TARGET_NAME)";
				TEST_HOST = "$(BUNDLE_LOADER)";
				WRAPPER_EXTENSION = xctest;
			};
			name = Debug;
		};
		D8445206198B7B640017DD19 /* Release */ = {
			isa = XCBuildConfiguration;
			buildSettings = {
				BUNDLE_LOADER = "$(BUILT_PRODUCTS_DIR)/DIYCell.app/DIYCell";
				FRAMEWORK_SEARCH_PATHS = (
					"$(SDKROOT)/Developer/Library/Frameworks",
					"$(inherited)",
					"$(DEVELOPER_FRAMEWORKS_DIR)",
				);
				GCC_PRECOMPILE_PREFIX_HEADER = YES;
				GCC_PREFIX_HEADER = "DIYCell/DIYCell-Prefix.pch";
				INFOPLIST_FILE = "DIYCellTests/DIYCellTests-Info.plist";
				PRODUCT_NAME = "$(TARGET_NAME)";
				TEST_HOST = "$(BUNDLE_LOADER)";
				WRAPPER_EXTENSION = xctest;
			};
			name = Release;
		};
/* End XCBuildConfiguration section */

/* Begin XCConfigurationList section */
		D84451D0198B7B640017DD19 /* Build configuration list for PBXProject "DIYCell" */ = {
			isa = XCConfigurationList;
			buildConfigurations = (
				D84451FF198B7B640017DD19 /* Debug */,
				D8445200198B7B640017DD19 /* Release */,
			);
			defaultConfigurationIsVisible = 0;
			defaultConfigurationName = Release;
		};
		D8445201198B7B640017DD19 /* Build configuration list for PBXNativeTarget "DIYCell" */ = {
			isa = XCConfigurationList;
			buildConfigurations = (
				D8445202198B7B640017DD19 /* Debug */,
				D8445203198B7B640017DD19 /* Release */,
			);
			defaultConfigurationIsVisible = 0;
		};
		D8445204198B7B640017DD19 /* Build configuration list for PBXNativeTarget "DIYCellTests" */ = {
			isa = XCConfigurationList;
			buildConfigurations = (
				D8445205198B7B640017DD19 /* Debug */,
				D8445206198B7B640017DD19 /* Release */,
			);
			defaultConfigurationIsVisible = 0;
		};
/* End XCConfigurationList section */
	};
	rootObject = D84451CD198B7B640017DD19 /* Project object */;
}
