// !$*UTF8*$!
{
	archiveVersion = 1;
	classes = {
	};
	objectVersion = 46;
	objects = {

/* Begin PBXBuildFile section */
		D82FEFFF198891FE00CEE28A /* Foundation.framework in Frameworks */ = {isa = PBXBuildFile; fileRef = D82FEFFE198891FE00CEE28A /* Foundation.framework */; };
		D82FF001198891FE00CEE28A /* CoreGraphics.framework in Frameworks */ = {isa = PBXBuildFile; fileRef = D82FF000198891FE00CEE28A /* CoreGraphics.framework */; };
		D82FF003198891FE00CEE28A /* UIKit.framework in Frameworks */ = {isa = PBXBuildFile; fileRef = D82FF002198891FE00CEE28A /* UIKit.framework */; };
		D82FF009198891FE00CEE28A /* InfoPlist.strings in Resources */ = {isa = PBXBuildFile; fileRef = D82FF007198891FE00CEE28A /* InfoPlist.strings */; };
		D82FF00B198891FE00CEE28A /* main.m in Sources */ = {isa = PBXBuildFile; fileRef = D82FF00A198891FE00CEE28A /* main.m */; };
		D82FF00F198891FE00CEE28A /* MyUIAppDelegate.m in Sources */ = {isa = PBXBuildFile; fileRef = D82FF00E198891FE00CEE28A /* MyUIAppDelegate.m */; };
		D82FF012198891FE00CEE28A /* Main.storyboard in Resources */ = {isa = PBXBuildFile; fileRef = D82FF010198891FE00CEE28A /* Main.storyboard */; };
		D82FF015198891FE00CEE28A /* MyUIViewController.m in Sources */ = {isa = PBXBuildFile; fileRef = D82FF014198891FE00CEE28A /* MyUIViewController.m */; };
		D82FF017198891FE00CEE28A /* Images.xcassets in Resources */ = {isa = PBXBuildFile; fileRef = D82FF016198891FE00CEE28A /* Images.xcassets */; };
		D82FF01E198891FF00CEE28A /* XCTest.framework in Frameworks */ = {isa = PBXBuildFile; fileRef = D82FF01D198891FF00CEE28A /* XCTest.framework */; };
		D82FF01F198891FF00CEE28A /* Foundation.framework in Frameworks */ = {isa = PBXBuildFile; fileRef = D82FEFFE198891FE00CEE28A /* Foundation.framework */; };
		D82FF020198891FF00CEE28A /* UIKit.framework in Frameworks */ = {isa = PBXBuildFile; fileRef = D82FF002198891FE00CEE28A /* UIKit.framework */; };
		D82FF028198891FF00CEE28A /* InfoPlist.strings in Resources */ = {isa = PBXBuildFile; fileRef = D82FF026198891FF00CEE28A /* InfoPlist.strings */; };
		D82FF02A198891FF00CEE28A /* SearchbarSimpleTableTests.m in Sources */ = {isa = PBXBuildFile; fileRef = D82FF029198891FF00CEE28A /* SearchbarSimpleTableTests.m */; };
		D82FF0541988924C00CEE28A /* Algeria.png in Resources */ = {isa = PBXBuildFile; fileRef = D82FF0341988924C00CEE28A /* Algeria.png */; };
		D82FF0551988924C00CEE28A /* Argentina.png in Resources */ = {isa = PBXBuildFile; fileRef = D82FF0351988924C00CEE28A /* Argentina.png */; };
		D82FF0561988924C00CEE28A /* Australia.png in Resources */ = {isa = PBXBuildFile; fileRef = D82FF0361988924C00CEE28A /* Australia.png */; };
		D82FF0571988924C00CEE28A /* Brazil.png in Resources */ = {isa = PBXBuildFile; fileRef = D82FF0371988924C00CEE28A /* Brazil.png */; };
		D82FF0581988924C00CEE28A /* Cameroon.png in Resources */ = {isa = PBXBuildFile; fileRef = D82FF0381988924C00CEE28A /* Cameroon.png */; };
		D82FF0591988924C00CEE28A /* Chile.png in Resources */ = {isa = PBXBuildFile; fileRef = D82FF0391988924C00CEE28A /* Chile.png */; };
		D82FF05A1988924C00CEE28A /* CoteDIvoire.png in Resources */ = {isa = PBXBuildFile; fileRef = D82FF03A1988924C00CEE28A /* CoteDIvoire.png */; };
		D82FF05B1988924C00CEE28A /* Denmark.png in Resources */ = {isa = PBXBuildFile; fileRef = D82FF03B1988924C00CEE28A /* Denmark.png */; };
		D82FF05C1988924C00CEE28A /* England.png in Resources */ = {isa = PBXBuildFile; fileRef = D82FF03C1988924C00CEE28A /* England.png */; };
		D82FF05D1988924C00CEE28A /* France.png in Resources */ = {isa = PBXBuildFile; fileRef = D82FF03D1988924C00CEE28A /* France.png */; };
		D82FF05E1988924C00CEE28A /* Germany.png in Resources */ = {isa = PBXBuildFile; fileRef = D82FF03E1988924C00CEE28A /* Germany.png */; };
		D82FF05F1988924C00CEE28A /* Ghana.png in Resources */ = {isa = PBXBuildFile; fileRef = D82FF03F1988924C00CEE28A /* Ghana.png */; };
		D82FF0601988924C00CEE28A /* Greece.png in Resources */ = {isa = PBXBuildFile; fileRef = D82FF0401988924C00CEE28A /* Greece.png */; };
		D82FF0611988924C00CEE28A /* Holland.png in Resources */ = {isa = PBXBuildFile; fileRef = D82FF0411988924C00CEE28A /* Holland.png */; };
		D82FF0621988924C00CEE28A /* Honduras.png in Resources */ = {isa = PBXBuildFile; fileRef = D82FF0421988924C00CEE28A /* Honduras.png */; };
		D82FF0631988924C00CEE28A /* Italy.png in Resources */ = {isa = PBXBuildFile; fileRef = D82FF0431988924C00CEE28A /* Italy.png */; };
		D82FF0641988924C00CEE28A /* Japan.png in Resources */ = {isa = PBXBuildFile; fileRef = D82FF0441988924C00CEE28A /* Japan.png */; };
		D82FF0651988924C00CEE28A /* Mexico.png in Resources */ = {isa = PBXBuildFile; fileRef = D82FF0451988924C00CEE28A /* Mexico.png */; };
		D82FF0661988924C00CEE28A /* NewZealand.png in Resources */ = {isa = PBXBuildFile; fileRef = D82FF0461988924C00CEE28A /* NewZealand.png */; };
		D82FF0671988924C00CEE28A /* Nigeria.png in Resources */ = {isa = PBXBuildFile; fileRef = D82FF0471988924C00CEE28A /* Nigeria.png */; };
		D82FF0681988924C00CEE28A /* NorthKorea.png in Resources */ = {isa = PBXBuildFile; fileRef = D82FF0481988924C00CEE28A /* NorthKorea.png */; };
		D82FF0691988924C00CEE28A /* Paraguay.png in Resources */ = {isa = PBXBuildFile; fileRef = D82FF0491988924C00CEE28A /* Paraguay.png */; };
		D82FF06A1988924C00CEE28A /* Portugal.png in Resources */ = {isa = PBXBuildFile; fileRef = D82FF04A1988924C00CEE28A /* Portugal.png */; };
		D82FF06B1988924C00CEE28A /* Serbia.png in Resources */ = {isa = PBXBuildFile; fileRef = D82FF04B1988924C00CEE28A /* Serbia.png */; };
		D82FF06C1988924C00CEE28A /* Slovakia.png in Resources */ = {isa = PBXBuildFile; fileRef = D82FF04C1988924C00CEE28A /* Slovakia.png */; };
		D82FF06D1988924C00CEE28A /* Slovenia.png in Resources */ = {isa = PBXBuildFile; fileRef = D82FF04D1988924C00CEE28A /* Slovenia.png */; };
		D82FF06E1988924C00CEE28A /* SouthAfrica.png in Resources */ = {isa = PBXBuildFile; fileRef = D82FF04E1988924C00CEE28A /* SouthAfrica.png */; };
		D82FF06F1988924C00CEE28A /* SouthKorea.png in Resources */ = {isa = PBXBuildFile; fileRef = D82FF04F1988924C00CEE28A /* SouthKorea.png */; };
		D82FF0701988924C00CEE28A /* Spain.png in Resources */ = {isa = PBXBuildFile; fileRef = D82FF0501988924C00CEE28A /* Spain.png */; };
		D82FF0711988924C00CEE28A /* Switzerland.png in Resources */ = {isa = PBXBuildFile; fileRef = D82FF0511988924C00CEE28A /* Switzerland.png */; };
		D82FF0721988924C00CEE28A /* Uruguay.png in Resources */ = {isa = PBXBuildFile; fileRef = D82FF0521988924C00CEE28A /* Uruguay.png */; };
		D82FF0731988924C00CEE28A /* USA.png in Resources */ = {isa = PBXBuildFile; fileRef = D82FF0531988924C00CEE28A /* USA.png */; };
		D82FF077198892B100CEE28A /* team_dictionary.plist in Resources */ = {isa = PBXBuildFile; fileRef = D82FF076198892B100CEE28A /* team_dictionary.plist */; };
/* End PBXBuildFile section */

/* Begin PBXContainerItemProxy section */
		D82FF021198891FF00CEE28A /* PBXContainerItemProxy */ = {
			isa = PBXContainerItemProxy;
			containerPortal = D82FEFF3198891FE00CEE28A /* Project object */;
			proxyType = 1;
			remoteGlobalIDString = D82FEFFA198891FE00CEE28A;
			remoteInfo = SearchbarSimpleTable;
		};
/* End PBXContainerItemProxy section */

/* Begin PBXFileReference section */
		D82FEFFB198891FE00CEE28A /* SearchbarSimpleTable.app */ = {isa = PBXFileReference; explicitFileType = wrapper.application; includeInIndex = 0; path = SearchbarSimpleTable.app; sourceTree = BUILT_PRODUCTS_DIR; };
		D82FEFFE198891FE00CEE28A /* Foundation.framework */ = {isa = PBXFileReference; lastKnownFileType = wrapper.framework; name = Foundation.framework; path = System/Library/Frameworks/Foundation.framework; sourceTree = SDKROOT; };
		D82FF000198891FE00CEE28A /* CoreGraphics.framework */ = {isa = PBXFileReference; lastKnownFileType = wrapper.framework; name = CoreGraphics.framework; path = System/Library/Frameworks/CoreGraphics.framework; sourceTree = SDKROOT; };
		D82FF002198891FE00CEE28A /* UIKit.framework */ = {isa = PBXFileReference; lastKnownFileType = wrapper.framework; name = UIKit.framework; path = System/Library/Frameworks/UIKit.framework; sourceTree = SDKROOT; };
		D82FF006198891FE00CEE28A /* SearchbarSimpleTable-Info.plist */ = {isa = PBXFileReference; lastKnownFileType = text.plist.xml; path = "SearchbarSimpleTable-Info.plist"; sourceTree = "<group>"; };
		D82FF008198891FE00CEE28A /* en */ = {isa = PBXFileReference; lastKnownFileType = text.plist.strings; name = en; path = en.lproj/InfoPlist.strings; sourceTree = "<group>"; };
		D82FF00A198891FE00CEE28A /* main.m */ = {isa = PBXFileReference; lastKnownFileType = sourcecode.c.objc; path = main.m; sourceTree = "<group>"; };
		D82FF00C198891FE00CEE28A /* SearchbarSimpleTable-Prefix.pch */ = {isa = PBXFileReference; lastKnownFileType = sourcecode.c.h; path = "SearchbarSimpleTable-Prefix.pch"; sourceTree = "<group>"; };
		D82FF00D198891FE00CEE28A /* MyUIAppDelegate.h */ = {isa = PBXFileReference; lastKnownFileType = sourcecode.c.h; path = MyUIAppDelegate.h; sourceTree = "<group>"; };
		D82FF00E198891FE00CEE28A /* MyUIAppDelegate.m */ = {isa = PBXFileReference; lastKnownFileType = sourcecode.c.objc; path = MyUIAppDelegate.m; sourceTree = "<group>"; };
		D82FF011198891FE00CEE28A /* Base */ = {isa = PBXFileReference; lastKnownFileType = file.storyboard; name = Base; path = Base.lproj/Main.storyboard; sourceTree = "<group>"; };
		D82FF013198891FE00CEE28A /* MyUIViewController.h */ = {isa = PBXFileReference; lastKnownFileType = sourcecode.c.h; path = MyUIViewController.h; sourceTree = "<group>"; };
		D82FF014198891FE00CEE28A /* MyUIViewController.m */ = {isa = PBXFileReference; lastKnownFileType = sourcecode.c.objc; path = MyUIViewController.m; sourceTree = "<group>"; };
		D82FF016198891FE00CEE28A /* Images.xcassets */ = {isa = PBXFileReference; lastKnownFileType = folder.assetcatalog; path = Images.xcassets; sourceTree = "<group>"; };
		D82FF01C198891FF00CEE28A /* SearchbarSimpleTableTests.xctest */ = {isa = PBXFileReference; explicitFileType = wrapper.cfbundle; includeInIndex = 0; path = SearchbarSimpleTableTests.xctest; sourceTree = BUILT_PRODUCTS_DIR; };
		D82FF01D198891FF00CEE28A /* XCTest.framework */ = {isa = PBXFileReference; lastKnownFileType = wrapper.framework; name = XCTest.framework; path = Library/Frameworks/XCTest.framework; sourceTree = DEVELOPER_DIR; };
		D82FF025198891FF00CEE28A /* SearchbarSimpleTableTests-Info.plist */ = {isa = PBXFileReference; lastKnownFileType = text.plist.xml; path = "SearchbarSimpleTableTests-Info.plist"; sourceTree = "<group>"; };
		D82FF027198891FF00CEE28A /* en */ = {isa = PBXFileReference; lastKnownFileType = text.plist.strings; name = en; path = en.lproj/InfoPlist.strings; sourceTree = "<group>"; };
		D82FF029198891FF00CEE28A /* SearchbarSimpleTableTests.m */ = {isa = PBXFileReference; lastKnownFileType = sourcecode.c.objc; path = SearchbarSimpleTableTests.m; sourceTree = "<group>"; };
		D82FF0341988924C00CEE28A /* Algeria.png */ = {isa = PBXFileReference; lastKnownFileType = image.png; path = Algeria.png; sourceTree = "<group>"; };
		D82FF0351988924C00CEE28A /* Argentina.png */ = {isa = PBXFileReference; lastKnownFileType = image.png; path = Argentina.png; sourceTree = "<group>"; };
		D82FF0361988924C00CEE28A /* Australia.png */ = {isa = PBXFileReference; lastKnownFileType = image.png; path = Australia.png; sourceTree = "<group>"; };
		D82FF0371988924C00CEE28A /* Brazil.png */ = {isa = PBXFileReference; lastKnownFileType = image.png; path = Brazil.png; sourceTree = "<group>"; };
		D82FF0381988924C00CEE28A /* Cameroon.png */ = {isa = PBXFileReference; lastKnownFileType = image.png; path = Cameroon.png; sourceTree = "<group>"; };
		D82FF0391988924C00CEE28A /* Chile.png */ = {isa = PBXFileReference; lastKnownFileType = image.png; path = Chile.png; sourceTree = "<group>"; };
		D82FF03A1988924C00CEE28A /* CoteDIvoire.png */ = {isa = PBXFileReference; lastKnownFileType = image.png; path = CoteDIvoire.png; sourceTree = "<group>"; };
		D82FF03B1988924C00CEE28A /* Denmark.png */ = {isa = PBXFileReference; lastKnownFileType = image.png; path = Denmark.png; sourceTree = "<group>"; };
		D82FF03C1988924C00CEE28A /* England.png */ = {isa = PBXFileReference; lastKnownFileType = image.png; path = England.png; sourceTree = "<group>"; };
		D82FF03D1988924C00CEE28A /* France.png */ = {isa = PBXFileReference; lastKnownFileType = image.png; path = France.png; sourceTree = "<group>"; };
		D82FF03E1988924C00CEE28A /* Germany.png */ = {isa = PBXFileReference; lastKnownFileType = image.png; path = Germany.png; sourceTree = "<group>"; };
		D82FF03F1988924C00CEE28A /* Ghana.png */ = {isa = PBXFileReference; lastKnownFileType = image.png; path = Ghana.png; sourceTree = "<group>"; };
		D82FF0401988924C00CEE28A /* Greece.png */ = {isa = PBXFileReference; lastKnownFileType = image.png; path = Greece.png; sourceTree = "<group>"; };
		D82FF0411988924C00CEE28A /* Holland.png */ = {isa = PBXFileReference; lastKnownFileType = image.png; path = Holland.png; sourceTree = "<group>"; };
		D82FF0421988924C00CEE28A /* Honduras.png */ = {isa = PBXFileReference; lastKnownFileType = image.png; path = Honduras.png; sourceTree = "<group>"; };
		D82FF0431988924C00CEE28A /* Italy.png */ = {isa = PBXFileReference; lastKnownFileType = image.png; path = Italy.png; sourceTree = "<group>"; };
		D82FF0441988924C00CEE28A /* Japan.png */ = {isa = PBXFileReference; lastKnownFileType = image.png; path = Japan.png; sourceTree = "<group>"; };
		D82FF0451988924C00CEE28A /* Mexico.png */ = {isa = PBXFileReference; lastKnownFileType = image.png; path = Mexico.png; sourceTree = "<group>"; };
		D82FF0461988924C00CEE28A /* NewZealand.png */ = {isa = PBXFileReference; lastKnownFileType = image.png; path = NewZealand.png; sourceTree = "<group>"; };
		D82FF0471988924C00CEE28A /* Nigeria.png */ = {isa = PBXFileReference; lastKnownFileType = image.png; path = Nigeria.png; sourceTree = "<group>"; };
		D82FF0481988924C00CEE28A /* NorthKorea.png */ = {isa = PBXFileReference; lastKnownFileType = image.png; path = NorthKorea.png; sourceTree = "<group>"; };
		D82FF0491988924C00CEE28A /* Paraguay.png */ = {isa = PBXFileReference; lastKnownFileType = image.png; path = Paraguay.png; sourceTree = "<group>"; };
		D82FF04A1988924C00CEE28A /* Portugal.png */ = {isa = PBXFileReference; lastKnownFileType = image.png; path = Portugal.png; sourceTree = "<group>"; };
		D82FF04B1988924C00CEE28A /* Serbia.png */ = {isa = PBXFileReference; lastKnownFileType = image.png; path = Serbia.png; sourceTree = "<group>"; };
		D82FF04C1988924C00CEE28A /* Slovakia.png */ = {isa = PBXFileReference; lastKnownFileType = image.png; path = Slovakia.png; sourceTree = "<group>"; };
		D82FF04D1988924C00CEE28A /* Slovenia.png */ = {isa = PBXFileReference; lastKnownFileType = image.png; path = Slovenia.png; sourceTree = "<group>"; };
		D82FF04E1988924C00CEE28A /* SouthAfrica.png */ = {isa = PBXFileReference; lastKnownFileType = image.png; path = SouthAfrica.png; sourceTree = "<group>"; };
		D82FF04F1988924C00CEE28A /* SouthKorea.png */ = {isa = PBXFileReference; lastKnownFileType = image.png; path = SouthKorea.png; sourceTree = "<group>"; };
		D82FF0501988924C00CEE28A /* Spain.png */ = {isa = PBXFileReference; lastKnownFileType = image.png; path = Spain.png; sourceTree = "<group>"; };
		D82FF0511988924C00CEE28A /* Switzerland.png */ = {isa = PBXFileReference; lastKnownFileType = image.png; path = Switzerland.png; sourceTree = "<group>"; };
		D82FF0521988924C00CEE28A /* Uruguay.png */ = {isa = PBXFileReference; lastKnownFileType = image.png; path = Uruguay.png; sourceTree = "<group>"; };
		D82FF0531988924C00CEE28A /* USA.png */ = {isa = PBXFileReference; lastKnownFileType = image.png; path = USA.png; sourceTree = "<group>"; };
		D82FF076198892B100CEE28A /* team_dictionary.plist */ = {isa = PBXFileReference; fileEncoding = 4; lastKnownFileType = text.plist.xml; name = team_dictionary.plist; path = ../../team_dictionary.plist; sourceTree = "<group>"; };
/* End PBXFileReference section */

/* Begin PBXFrameworksBuildPhase section */
		D82FEFF8198891FE00CEE28A /* Frameworks */ = {
			isa = PBXFrameworksBuildPhase;
			buildActionMask = 2147483647;
			files = (
				D82FF001198891FE00CEE28A /* CoreGraphics.framework in Frameworks */,
				D82FF003198891FE00CEE28A /* UIKit.framework in Frameworks */,
				D82FEFFF198891FE00CEE28A /* Foundation.framework in Frameworks */,
			);
			runOnlyForDeploymentPostprocessing = 0;
		};
		D82FF019198891FF00CEE28A /* Frameworks */ = {
			isa = PBXFrameworksBuildPhase;
			buildActionMask = 2147483647;
			files = (
				D82FF01E198891FF00CEE28A /* XCTest.framework in Frameworks */,
				D82FF020198891FF00CEE28A /* UIKit.framework in Frameworks */,
				D82FF01F198891FF00CEE28A /* Foundation.framework in Frameworks */,
			);
			runOnlyForDeploymentPostprocessing = 0;
		};
/* End PBXFrameworksBuildPhase section */

/* Begin PBXGroup section */
		D82FEFF2198891FE00CEE28A = {
			isa = PBXGroup;
			children = (
				D82FF0331988924C00CEE28A /* 球队图片 */,
				D82FF004198891FE00CEE28A /* SearchbarSimpleTable */,
				D82FF023198891FF00CEE28A /* SearchbarSimpleTableTests */,
				D82FEFFD198891FE00CEE28A /* Frameworks */,
				D82FEFFC198891FE00CEE28A /* Products */,
			);
			sourceTree = "<group>";
		};
		D82FEFFC198891FE00CEE28A /* Products */ = {
			isa = PBXGroup;
			children = (
				D82FEFFB198891FE00CEE28A /* SearchbarSimpleTable.app */,
				D82FF01C198891FF00CEE28A /* SearchbarSimpleTableTests.xctest */,
			);
			name = Products;
			sourceTree = "<group>";
		};
		D82FEFFD198891FE00CEE28A /* Frameworks */ = {
			isa = PBXGroup;
			children = (
				D82FEFFE198891FE00CEE28A /* Foundation.framework */,
				D82FF000198891FE00CEE28A /* CoreGraphics.framework */,
				D82FF002198891FE00CEE28A /* UIKit.framework */,
				D82FF01D198891FF00CEE28A /* XCTest.framework */,
			);
			name = Frameworks;
			sourceTree = "<group>";
		};
		D82FF004198891FE00CEE28A /* SearchbarSimpleTable */ = {
			isa = PBXGroup;
			children = (
				D82FF076198892B100CEE28A /* team_dictionary.plist */,
				D82FF00D198891FE00CEE28A /* MyUIAppDelegate.h */,
				D82FF00E198891FE00CEE28A /* MyUIAppDelegate.m */,
				D82FF010198891FE00CEE28A /* Main.storyboard */,
				D82FF013198891FE00CEE28A /* MyUIViewController.h */,
				D82FF014198891FE00CEE28A /* MyUIViewController.m */,
				D82FF016198891FE00CEE28A /* Images.xcassets */,
				D82FF005198891FE00CEE28A /* Supporting Files */,
			);
			path = SearchbarSimpleTable;
			sourceTree = "<group>";
		};
		D82FF005198891FE00CEE28A /* Supporting Files */ = {
			isa = PBXGroup;
			children = (
				D82FF006198891FE00CEE28A /* SearchbarSimpleTable-Info.plist */,
				D82FF007198891FE00CEE28A /* InfoPlist.strings */,
				D82FF00A198891FE00CEE28A /* main.m */,
				D82FF00C198891FE00CEE28A /* SearchbarSimpleTable-Prefix.pch */,
			);
			name = "Supporting Files";
			sourceTree = "<group>";
		};
		D82FF023198891FF00CEE28A /* SearchbarSimpleTableTests */ = {
			isa = PBXGroup;
			children = (
				D82FF029198891FF00CEE28A /* SearchbarSimpleTableTests.m */,
				D82FF024198891FF00CEE28A /* Supporting Files */,
			);
			path = SearchbarSimpleTableTests;
			sourceTree = "<group>";
		};
		D82FF024198891FF00CEE28A /* Supporting Files */ = {
			isa = PBXGroup;
			children = (
				D82FF025198891FF00CEE28A /* SearchbarSimpleTableTests-Info.plist */,
				D82FF026198891FF00CEE28A /* InfoPlist.strings */,
			);
			name = "Supporting Files";
			sourceTree = "<group>";
		};
		D82FF0331988924C00CEE28A /* 球队图片 */ = {
			isa = PBXGroup;
			children = (
				D82FF0341988924C00CEE28A /* Algeria.png */,
				D82FF0351988924C00CEE28A /* Argentina.png */,
				D82FF0361988924C00CEE28A /* Australia.png */,
				D82FF0371988924C00CEE28A /* Brazil.png */,
				D82FF0381988924C00CEE28A /* Cameroon.png */,
				D82FF0391988924C00CEE28A /* Chile.png */,
				D82FF03A1988924C00CEE28A /* CoteDIvoire.png */,
				D82FF03B1988924C00CEE28A /* Denmark.png */,
				D82FF03C1988924C00CEE28A /* England.png */,
				D82FF03D1988924C00CEE28A /* France.png */,
				D82FF03E1988924C00CEE28A /* Germany.png */,
				D82FF03F1988924C00CEE28A /* Ghana.png */,
				D82FF0401988924C00CEE28A /* Greece.png */,
				D82FF0411988924C00CEE28A /* Holland.png */,
				D82FF0421988924C00CEE28A /* Honduras.png */,
				D82FF0431988924C00CEE28A /* Italy.png */,
				D82FF0441988924C00CEE28A /* Japan.png */,
				D82FF0451988924C00CEE28A /* Mexico.png */,
				D82FF0461988924C00CEE28A /* NewZealand.png */,
				D82FF0471988924C00CEE28A /* Nigeria.png */,
				D82FF0481988924C00CEE28A /* NorthKorea.png */,
				D82FF0491988924C00CEE28A /* Paraguay.png */,
				D82FF04A1988924C00CEE28A /* Portugal.png */,
				D82FF04B1988924C00CEE28A /* Serbia.png */,
				D82FF04C1988924C00CEE28A /* Slovakia.png */,
				D82FF04D1988924C00CEE28A /* Slovenia.png */,
				D82FF04E1988924C00CEE28A /* SouthAfrica.png */,
				D82FF04F1988924C00CEE28A /* SouthKorea.png */,
				D82FF0501988924C00CEE28A /* Spain.png */,
				D82FF0511988924C00CEE28A /* Switzerland.png */,
				D82FF0521988924C00CEE28A /* Uruguay.png */,
				D82FF0531988924C00CEE28A /* USA.png */,
			);
			name = "球队图片";
			path = "../球队图片";
			sourceTree = "<group>";
		};
/* End PBXGroup section */

/* Begin PBXNativeTarget section */
		D82FEFFA198891FE00CEE28A /* SearchbarSimpleTable */ = {
			isa = PBXNativeTarget;
			buildConfigurationList = D82FF02D198891FF00CEE28A /* Build configuration list for PBXNativeTarget "SearchbarSimpleTable" */;
			buildPhases = (
				D82FEFF7198891FE00CEE28A /* Sources */,
				D82FEFF8198891FE00CEE28A /* Frameworks */,
				D82FEFF9198891FE00CEE28A /* Resources */,
			);
			buildRules = (
			);
			dependencies = (
			);
			name = SearchbarSimpleTable;
			productName = SearchbarSimpleTable;
			productReference = D82FEFFB198891FE00CEE28A /* SearchbarSimpleTable.app */;
			productType = "com.apple.product-type.application";
		};
		D82FF01B198891FF00CEE28A /* SearchbarSimpleTableTests */ = {
			isa = PBXNativeTarget;
			buildConfigurationList = D82FF030198891FF00CEE28A /* Build configuration list for PBXNativeTarget "SearchbarSimpleTableTests" */;
			buildPhases = (
				D82FF018198891FF00CEE28A /* Sources */,
				D82FF019198891FF00CEE28A /* Frameworks */,
				D82FF01A198891FF00CEE28A /* Resources */,
			);
			buildRules = (
			);
			dependencies = (
				D82FF022198891FF00CEE28A /* PBXTargetDependency */,
			);
			name = SearchbarSimpleTableTests;
			productName = SearchbarSimpleTableTests;
			productReference = D82FF01C198891FF00CEE28A /* SearchbarSimpleTableTests.xctest */;
			productType = "com.apple.product-type.bundle.unit-test";
		};
/* End PBXNativeTarget section */

/* Begin PBXProject section */
		D82FEFF3198891FE00CEE28A /* Project object */ = {
			isa = PBXProject;
			attributes = {
				CLASSPREFIX = MyUI;
				LastUpgradeCheck = 0510;
				ORGANIZATIONNAME = Joe;
				TargetAttributes = {
					D82FF01B198891FF00CEE28A = {
						TestTargetID = D82FEFFA198891FE00CEE28A;
					};
				};
			};
			buildConfigurationList = D82FEFF6198891FE00CEE28A /* Build configuration list for PBXProject "SearchbarSimpleTable" */;
			compatibilityVersion = "Xcode 3.2";
			developmentRegion = English;
			hasScannedForEncodings = 0;
			knownRegions = (
				en,
				Base,
			);
			mainGroup = D82FEFF2198891FE00CEE28A;
			productRefGroup = D82FEFFC198891FE00CEE28A /* Products */;
			projectDirPath = "";
			projectRoot = "";
			targets = (
				D82FEFFA198891FE00CEE28A /* SearchbarSimpleTable */,
				D82FF01B198891FF00CEE28A /* SearchbarSimpleTableTests */,
			);
		};
/* End PBXProject section */

/* Begin PBXResourcesBuildPhase section */
		D82FEFF9198891FE00CEE28A /* Resources */ = {
			isa = PBXResourcesBuildPhase;
			buildActionMask = 2147483647;
			files = (
				D82FF0731988924C00CEE28A /* USA.png in Resources */,
				D82FF017198891FE00CEE28A /* Images.xcassets in Resources */,
				D82FF0551988924C00CEE28A /* Argentina.png in Resources */,
				D82FF0721988924C00CEE28A /* Uruguay.png in Resources */,
				D82FF0631988924C00CEE28A /* Italy.png in Resources */,
				D82FF06A1988924C00CEE28A /* Portugal.png in Resources */,
				D82FF0611988924C00CEE28A /* Holland.png in Resources */,
				D82FF0561988924C00CEE28A /* Australia.png in Resources */,
				D82FF05E1988924C00CEE28A /* Germany.png in Resources */,
				D82FF0681988924C00CEE28A /* NorthKorea.png in Resources */,
				D82FF05C1988924C00CEE28A /* England.png in Resources */,
				D82FF05B1988924C00CEE28A /* Denmark.png in Resources */,
				D82FF0711988924C00CEE28A /* Switzerland.png in Resources */,
				D82FF06B1988924C00CEE28A /* Serbia.png in Resources */,
				D82FF0621988924C00CEE28A /* Honduras.png in Resources */,
				D82FF0671988924C00CEE28A /* Nigeria.png in Resources */,
				D82FF06C1988924C00CEE28A /* Slovakia.png in Resources */,
				D82FF06F1988924C00CEE28A /* SouthKorea.png in Resources */,
				D82FF0651988924C00CEE28A /* Mexico.png in Resources */,
				D82FF0581988924C00CEE28A /* Cameroon.png in Resources */,
				D82FF0641988924C00CEE28A /* Japan.png in Resources */,
				D82FF009198891FE00CEE28A /* InfoPlist.strings in Resources */,
				D82FF0601988924C00CEE28A /* Greece.png in Resources */,
				D82FF0661988924C00CEE28A /* NewZealand.png in Resources */,
				D82FF05D1988924C00CEE28A /* France.png in Resources */,
				D82FF012198891FE00CEE28A /* Main.storyboard in Resources */,
				D82FF0701988924C00CEE28A /* Spain.png in Resources */,
				D82FF0571988924C00CEE28A /* Brazil.png in Resources */,
				D82FF05F1988924C00CEE28A /* Ghana.png in Resources */,
				D82FF05A1988924C00CEE28A /* CoteDIvoire.png in Resources */,
				D82FF0591988924C00CEE28A /* Chile.png in Resources */,
				D82FF077198892B100CEE28A /* team_dictionary.plist in Resources */,
				D82FF0541988924C00CEE28A /* Algeria.png in Resources */,
				D82FF06E1988924C00CEE28A /* SouthAfrica.png in Resources */,
				D82FF06D1988924C00CEE28A /* Slovenia.png in Resources */,
				D82FF0691988924C00CEE28A /* Paraguay.png in Resources */,
			);
			runOnlyForDeploymentPostprocessing = 0;
		};
		D82FF01A198891FF00CEE28A /* Resources */ = {
			isa = PBXResourcesBuildPhase;
			buildActionMask = 2147483647;
			files = (
				D82FF028198891FF00CEE28A /* InfoPlist.strings in Resources */,
			);
			runOnlyForDeploymentPostprocessing = 0;
		};
/* End PBXResourcesBuildPhase section */

/* Begin PBXSourcesBuildPhase section */
		D82FEFF7198891FE00CEE28A /* Sources */ = {
			isa = PBXSourcesBuildPhase;
			buildActionMask = 2147483647;
			files = (
				D82FF00F198891FE00CEE28A /* MyUIAppDelegate.m in Sources */,
				D82FF00B198891FE00CEE28A /* main.m in Sources */,
				D82FF015198891FE00CEE28A /* MyUIViewController.m in Sources */,
			);
			runOnlyForDeploymentPostprocessing = 0;
		};
		D82FF018198891FF00CEE28A /* Sources */ = {
			isa = PBXSourcesBuildPhase;
			buildActionMask = 2147483647;
			files = (
				D82FF02A198891FF00CEE28A /* SearchbarSimpleTableTests.m in Sources */,
			);
			runOnlyForDeploymentPostprocessing = 0;
		};
/* End PBXSourcesBuildPhase section */

/* Begin PBXTargetDependency section */
		D82FF022198891FF00CEE28A /* PBXTargetDependency */ = {
			isa = PBXTargetDependency;
			target = D82FEFFA198891FE00CEE28A /* SearchbarSimpleTable */;
			targetProxy = D82FF021198891FF00CEE28A /* PBXContainerItemProxy */;
		};
/* End PBXTargetDependency section */

/* Begin PBXVariantGroup section */
		D82FF007198891FE00CEE28A /* InfoPlist.strings */ = {
			isa = PBXVariantGroup;
			children = (
				D82FF008198891FE00CEE28A /* en */,
			);
			name = InfoPlist.strings;
			sourceTree = "<group>";
		};
		D82FF010198891FE00CEE28A /* Main.storyboard */ = {
			isa = PBXVariantGroup;
			children = (
				D82FF011198891FE00CEE28A /* Base */,
			);
			name = Main.storyboard;
			sourceTree = "<group>";
		};
		D82FF026198891FF00CEE28A /* InfoPlist.strings */ = {
			isa = PBXVariantGroup;
			children = (
				D82FF027198891FF00CEE28A /* en */,
			);
			name = InfoPlist.strings;
			sourceTree = "<group>";
		};
/* End PBXVariantGroup section */

/* Begin XCBuildConfiguration section */
		D82FF02B198891FF00CEE28A /* Debug */ = {
			isa = XCBuildConfiguration;
			buildSettings = {
				ALWAYS_SEARCH_USER_PATHS = NO;
				CLANG_CXX_LANGUAGE_STANDARD = "gnu++0x";
				CLANG_CXX_LIBRARY = "libc++";
				CLANG_ENABLE_MODULES = YES;
				CLANG_ENABLE_OBJC_ARC = YES;
				CLANG_WARN_BOOL_CONVERSION = YES;
				CLANG_WARN_CONSTANT_CONVERSION = YES;
				CLANG_WARN_DIRECT_OBJC_ISA_USAGE = YES_ERROR;
				CLANG_WARN_EMPTY_BODY = YES;
				CLANG_WARN_ENUM_CONVERSION = YES;
				CLANG_WARN_INT_CONVERSION = YES;
				CLANG_WARN_OBJC_ROOT_CLASS = YES_ERROR;
				CLANG_WARN__DUPLICATE_METHOD_MATCH = YES;
				"CODE_SIGN_IDENTITY[sdk=iphoneos*]" = "iPhone Developer";
				COPY_PHASE_STRIP = NO;
				GCC_C_LANGUAGE_STANDARD = gnu99;
				GCC_DYNAMIC_NO_PIC = NO;
				GCC_OPTIMIZATION_LEVEL = 0;
				GCC_PREPROCESSOR_DEFINITIONS = (
					"DEBUG=1",
					"$(inherited)",
				);
				GCC_SYMBOLS_PRIVATE_EXTERN = NO;
				GCC_WARN_64_TO_32_BIT_CONVERSION = YES;
				GCC_WARN_ABOUT_RETURN_TYPE = YES_ERROR;
				GCC_WARN_UNDECLARED_SELECTOR = YES;
				GCC_WARN_UNINITIALIZED_AUTOS = YES_AGGRESSIVE;
				GCC_WARN_UNUSED_FUNCTION = YES;
				GCC_WARN_UNUSED_VARIABLE = YES;
				IPHONEOS_DEPLOYMENT_TARGET = 7.1;
				ONLY_ACTIVE_ARCH = YES;
				SDKROOT = iphoneos;
			};
			name = Debug;
		};
		D82FF02C198891FF00CEE28A /* Release */ = {
			isa = XCBuildConfiguration;
			buildSettings = {
				ALWAYS_SEARCH_USER_PATHS = NO;
				CLANG_CXX_LANGUAGE_STANDARD = "gnu++0x";
				CLANG_CXX_LIBRARY = "libc++";
				CLANG_ENABLE_MODULES = YES;
				CLANG_ENABLE_OBJC_ARC = YES;
				CLANG_WARN_BOOL_CONVERSION = YES;
				CLANG_WARN_CONSTANT_CONVERSION = YES;
				CLANG_WARN_DIRECT_OBJC_ISA_USAGE = YES_ERROR;
				CLANG_WARN_EMPTY_BODY = YES;
				CLANG_WARN_ENUM_CONVERSION = YES;
				CLANG_WARN_INT_CONVERSION = YES;
				CLANG_WARN_OBJC_ROOT_CLASS = YES_ERROR;
				CLANG_WARN__DUPLICATE_METHOD_MATCH = YES;
				"CODE_SIGN_IDENTITY[sdk=iphoneos*]" = "iPhone Developer";
				COPY_PHASE_STRIP = YES;
				ENABLE_NS_ASSERTIONS = NO;
				GCC_C_LANGUAGE_STANDARD = gnu99;
				GCC_WARN_64_TO_32_BIT_CONVERSION = YES;
				GCC_WARN_ABOUT_RETURN_TYPE = YES_ERROR;
				GCC_WARN_UNDECLARED_SELECTOR = YES;
				GCC_WARN_UNINITIALIZED_AUTOS = YES_AGGRESSIVE;
				GCC_WARN_UNUSED_FUNCTION = YES;
				GCC_WARN_UNUSED_VARIABLE = YES;
				IPHONEOS_DEPLOYMENT_TARGET = 7.1;
				SDKROOT = iphoneos;
				VALIDATE_PRODUCT = YES;
			};
			name = Release;
		};
		D82FF02E198891FF00CEE28A /* Debug */ = {
			isa = XCBuildConfiguration;
			buildSettings = {
				ASSETCATALOG_COMPILER_APPICON_NAME = AppIcon;
				ASSETCATALOG_COMPILER_LAUNCHIMAGE_NAME = LaunchImage;
				GCC_PRECOMPILE_PREFIX_HEADER = YES;
				GCC_PREFIX_HEADER = "SearchbarSimpleTable/SearchbarSimpleTable-Prefix.pch";
				INFOPLIST_FILE = "SearchbarSimpleTable/SearchbarSimpleTable-Info.plist";
				PRODUCT_NAME = "$(TARGET_NAME)";
				WRAPPER_EXTENSION = app;
			};
			name = Debug;
		};
		D82FF02F198891FF00CEE28A /* Release */ = {
			isa = XCBuildConfiguration;
			buildSettings = {
				ASSETCATALOG_COMPILER_APPICON_NAME = AppIcon;
				ASSETCATALOG_COMPILER_LAUNCHIMAGE_NAME = LaunchImage;
				GCC_PRECOMPILE_PREFIX_HEADER = YES;
				GCC_PREFIX_HEADER = "SearchbarSimpleTable/SearchbarSimpleTable-Prefix.pch";
				INFOPLIST_FILE = "SearchbarSimpleTable/SearchbarSimpleTable-Info.plist";
				PRODUCT_NAME = "$(TARGET_NAME)";
				WRAPPER_EXTENSION = app;
			};
			name = Release;
		};
		D82FF031198891FF00CEE28A /* Debug */ = {
			isa = XCBuildConfiguration;
			buildSettings = {
				BUNDLE_LOADER = "$(BUILT_PRODUCTS_DIR)/SearchbarSimpleTable.app/SearchbarSimpleTable";
				FRAMEWORK_SEARCH_PATHS = (
					"$(SDKROOT)/Developer/Library/Frameworks",
					"$(inherited)",
					"$(DEVELOPER_FRAMEWORKS_DIR)",
				);
				GCC_PRECOMPILE_PREFIX_HEADER = YES;
				GCC_PREFIX_HEADER = "SearchbarSimpleTable/SearchbarSimpleTable-Prefix.pch";
				GCC_PREPROCESSOR_DEFINITIONS = (
					"DEBUG=1",
					"$(inherited)",
				);
				INFOPLIST_FILE = "SearchbarSimpleTableTests/SearchbarSimpleTableTests-Info.plist";
				PRODUCT_NAME = "$(TARGET_NAME)";
				TEST_HOST = "$(BUNDLE_LOADER)";
				WRAPPER_EXTENSION = xctest;
			};
			name = Debug;
		};
		D82FF032198891FF00CEE28A /* Release */ = {
			isa = XCBuildConfiguration;
			buildSettings = {
				BUNDLE_LOADER = "$(BUILT_PRODUCTS_DIR)/SearchbarSimpleTable.app/SearchbarSimpleTable";
				FRAMEWORK_SEARCH_PATHS = (
					"$(SDKROOT)/Developer/Library/Frameworks",
					"$(inherited)",
					"$(DEVELOPER_FRAMEWORKS_DIR)",
				);
				GCC_PRECOMPILE_PREFIX_HEADER = YES;
				GCC_PREFIX_HEADER = "SearchbarSimpleTable/SearchbarSimpleTable-Prefix.pch";
				INFOPLIST_FILE = "SearchbarSimpleTableTests/SearchbarSimpleTableTests-Info.plist";
				PRODUCT_NAME = "$(TARGET_NAME)";
				TEST_HOST = "$(BUNDLE_LOADER)";
				WRAPPER_EXTENSION = xctest;
			};
			name = Release;
		};
/* End XCBuildConfiguration section */

/* Begin XCConfigurationList section */
		D82FEFF6198891FE00CEE28A /* Build configuration list for PBXProject "SearchbarSimpleTable" */ = {
			isa = XCConfigurationList;
			buildConfigurations = (
				D82FF02B198891FF00CEE28A /* Debug */,
				D82FF02C198891FF00CEE28A /* Release */,
			);
			defaultConfigurationIsVisible = 0;
			defaultConfigurationName = Release;
		};
		D82FF02D198891FF00CEE28A /* Build configuration list for PBXNativeTarget "SearchbarSimpleTable" */ = {
			isa = XCConfigurationList;
			buildConfigurations = (
				D82FF02E198891FF00CEE28A /* Debug */,
				D82FF02F198891FF00CEE28A /* Release */,
			);
			defaultConfigurationIsVisible = 0;
		};
		D82FF030198891FF00CEE28A /* Build configuration list for PBXNativeTarget "SearchbarSimpleTableTests" */ = {
			isa = XCConfigurationList;
			buildConfigurations = (
				D82FF031198891FF00CEE28A /* Debug */,
				D82FF032198891FF00CEE28A /* Release */,
			);
			defaultConfigurationIsVisible = 0;
		};
/* End XCConfigurationList section */
	};
	rootObject = D82FEFF3198891FE00CEE28A /* Project object */;
}
