// !$*UTF8*$!
{
	archiveVersion = 1;
	classes = {
	};
	objectVersion = 46;
	objects = {

/* Begin PBXBuildFile section */
		D831275119A5CFC200201D3B /* Foundation.framework in Frameworks */ = {isa = PBXBuildFile; fileRef = D831275019A5CFC200201D3B /* Foundation.framework */; };
		D831275319A5CFC200201D3B /* CoreGraphics.framework in Frameworks */ = {isa = PBXBuildFile; fileRef = D831275219A5CFC200201D3B /* CoreGraphics.framework */; };
		D831275519A5CFC200201D3B /* UIKit.framework in Frameworks */ = {isa = PBXBuildFile; fileRef = D831275419A5CFC200201D3B /* UIKit.framework */; };
		D831275B19A5CFC200201D3B /* InfoPlist.strings in Resources */ = {isa = PBXBuildFile; fileRef = D831275919A5CFC200201D3B /* InfoPlist.strings */; };
		D831275D19A5CFC300201D3B /* main.m in Sources */ = {isa = PBXBuildFile; fileRef = D831275C19A5CFC300201D3B /* main.m */; };
		D831276119A5CFC300201D3B /* PrefixAppDelegate.m in Sources */ = {isa = PBXBuildFile; fileRef = D831276019A5CFC300201D3B /* PrefixAppDelegate.m */; };
		D831276419A5CFC300201D3B /* Main.storyboard in Resources */ = {isa = PBXBuildFile; fileRef = D831276219A5CFC300201D3B /* Main.storyboard */; };
		D831276719A5CFC300201D3B /* PrefixViewController.m in Sources */ = {isa = PBXBuildFile; fileRef = D831276619A5CFC300201D3B /* PrefixViewController.m */; };
		D831276919A5CFC300201D3B /* Images.xcassets in Resources */ = {isa = PBXBuildFile; fileRef = D831276819A5CFC300201D3B /* Images.xcassets */; };
		D831277019A5CFC300201D3B /* XCTest.framework in Frameworks */ = {isa = PBXBuildFile; fileRef = D831276F19A5CFC300201D3B /* XCTest.framework */; };
		D831277119A5CFC300201D3B /* Foundation.framework in Frameworks */ = {isa = PBXBuildFile; fileRef = D831275019A5CFC200201D3B /* Foundation.framework */; };
		D831277219A5CFC300201D3B /* UIKit.framework in Frameworks */ = {isa = PBXBuildFile; fileRef = D831275419A5CFC200201D3B /* UIKit.framework */; };
		D831277A19A5CFC300201D3B /* InfoPlist.strings in Resources */ = {isa = PBXBuildFile; fileRef = D831277819A5CFC300201D3B /* InfoPlist.strings */; };
		D831277C19A5CFC300201D3B /* SigleViewTsstTests.m in Sources */ = {isa = PBXBuildFile; fileRef = D831277B19A5CFC300201D3B /* SigleViewTsstTests.m */; };
/* End PBXBuildFile section */

/* Begin PBXContainerItemProxy section */
		D831277319A5CFC300201D3B /* PBXContainerItemProxy */ = {
			isa = PBXContainerItemProxy;
			containerPortal = D831274519A5CFC200201D3B /* Project object */;
			proxyType = 1;
			remoteGlobalIDString = D831274C19A5CFC200201D3B;
			remoteInfo = SigleViewTsst;
		};
/* End PBXContainerItemProxy section */

/* Begin PBXFileReference section */
		D831274D19A5CFC200201D3B /* SigleViewTsst.app */ = {isa = PBXFileReference; explicitFileType = wrapper.application; includeInIndex = 0; path = SigleViewTsst.app; sourceTree = BUILT_PRODUCTS_DIR; };
		D831275019A5CFC200201D3B /* Foundation.framework */ = {isa = PBXFileReference; lastKnownFileType = wrapper.framework; name = Foundation.framework; path = System/Library/Frameworks/Foundation.framework; sourceTree = SDKROOT; };
		D831275219A5CFC200201D3B /* CoreGraphics.framework */ = {isa = PBXFileReference; lastKnownFileType = wrapper.framework; name = CoreGraphics.framework; path = System/Library/Frameworks/CoreGraphics.framework; sourceTree = SDKROOT; };
		D831275419A5CFC200201D3B /* UIKit.framework */ = {isa = PBXFileReference; lastKnownFileType = wrapper.framework; name = UIKit.framework; path = System/Library/Frameworks/UIKit.framework; sourceTree = SDKROOT; };
		D831275819A5CFC200201D3B /* SigleViewTsst-Info.plist */ = {isa = PBXFileReference; lastKnownFileType = text.plist.xml; path = "SigleViewTsst-Info.plist"; sourceTree = "<group>"; };
		D831275A19A5CFC200201D3B /* en */ = {isa = PBXFileReference; lastKnownFileType = text.plist.strings; name = en; path = en.lproj/InfoPlist.strings; sourceTree = "<group>"; };
		D831275C19A5CFC300201D3B /* main.m */ = {isa = PBXFileReference; lastKnownFileType = sourcecode.c.objc; path = main.m; sourceTree = "<group>"; };
		D831275E19A5CFC300201D3B /* SigleViewTsst-Prefix.pch */ = {isa = PBXFileReference; lastKnownFileType = sourcecode.c.h; path = "SigleViewTsst-Prefix.pch"; sourceTree = "<group>"; };
		D831275F19A5CFC300201D3B /* PrefixAppDelegate.h */ = {isa = PBXFileReference; lastKnownFileType = sourcecode.c.h; path = PrefixAppDelegate.h; sourceTree = "<group>"; };
		D831276019A5CFC300201D3B /* PrefixAppDelegate.m */ = {isa = PBXFileReference; lastKnownFileType = sourcecode.c.objc; path = PrefixAppDelegate.m; sourceTree = "<group>"; };
		D831276319A5CFC300201D3B /* Base */ = {isa = PBXFileReference; lastKnownFileType = file.storyboard; name = Base; path = Base.lproj/Main.storyboard; sourceTree = "<group>"; };
		D831276519A5CFC300201D3B /* PrefixViewController.h */ = {isa = PBXFileReference; lastKnownFileType = sourcecode.c.h; path = PrefixViewController.h; sourceTree = "<group>"; };
		D831276619A5CFC300201D3B /* PrefixViewController.m */ = {isa = PBXFileReference; lastKnownFileType = sourcecode.c.objc; path = PrefixViewController.m; sourceTree = "<group>"; };
		D831276819A5CFC300201D3B /* Images.xcassets */ = {isa = PBXFileReference; lastKnownFileType = folder.assetcatalog; path = Images.xcassets; sourceTree = "<group>"; };
		D831276E19A5CFC300201D3B /* SigleViewTsstTests.xctest */ = {isa = PBXFileReference; explicitFileType = wrapper.cfbundle; includeInIndex = 0; path = SigleViewTsstTests.xctest; sourceTree = BUILT_PRODUCTS_DIR; };
		D831276F19A5CFC300201D3B /* XCTest.framework */ = {isa = PBXFileReference; lastKnownFileType = wrapper.framework; name = XCTest.framework; path = Library/Frameworks/XCTest.framework; sourceTree = DEVELOPER_DIR; };
		D831277719A5CFC300201D3B /* SigleViewTsstTests-Info.plist */ = {isa = PBXFileReference; lastKnownFileType = text.plist.xml; path = "SigleViewTsstTests-Info.plist"; sourceTree = "<group>"; };
		D831277919A5CFC300201D3B /* en */ = {isa = PBXFileReference; lastKnownFileType = text.plist.strings; name = en; path = en.lproj/InfoPlist.strings; sourceTree = "<group>"; };
		D831277B19A5CFC300201D3B /* SigleViewTsstTests.m */ = {isa = PBXFileReference; lastKnownFileType = sourcecode.c.objc; path = SigleViewTsstTests.m; sourceTree = "<group>"; };
/* End PBXFileReference section */

/* Begin PBXFrameworksBuildPhase section */
		D831274A19A5CFC200201D3B /* Frameworks */ = {
			isa = PBXFrameworksBuildPhase;
			buildActionMask = 2147483647;
			files = (
				D831275319A5CFC200201D3B /* CoreGraphics.framework in Frameworks */,
				D831275519A5CFC200201D3B /* UIKit.framework in Frameworks */,
				D831275119A5CFC200201D3B /* Foundation.framework in Frameworks */,
			);
			runOnlyForDeploymentPostprocessing = 0;
		};
		D831276B19A5CFC300201D3B /* Frameworks */ = {
			isa = PBXFrameworksBuildPhase;
			buildActionMask = 2147483647;
			files = (
				D831277019A5CFC300201D3B /* XCTest.framework in Frameworks */,
				D831277219A5CFC300201D3B /* UIKit.framework in Frameworks */,
				D831277119A5CFC300201D3B /* Foundation.framework in Frameworks */,
			);
			runOnlyForDeploymentPostprocessing = 0;
		};
/* End PBXFrameworksBuildPhase section */

/* Begin PBXGroup section */
		D831274419A5CFC200201D3B = {
			isa = PBXGroup;
			children = (
				D831275619A5CFC200201D3B /* SigleViewTsst */,
				D831277519A5CFC300201D3B /* SigleViewTsstTests */,
				D831274F19A5CFC200201D3B /* Frameworks */,
				D831274E19A5CFC200201D3B /* Products */,
			);
			sourceTree = "<group>";
		};
		D831274E19A5CFC200201D3B /* Products */ = {
			isa = PBXGroup;
			children = (
				D831274D19A5CFC200201D3B /* SigleViewTsst.app */,
				D831276E19A5CFC300201D3B /* SigleViewTsstTests.xctest */,
			);
			name = Products;
			sourceTree = "<group>";
		};
		D831274F19A5CFC200201D3B /* Frameworks */ = {
			isa = PBXGroup;
			children = (
				D831275019A5CFC200201D3B /* Foundation.framework */,
				D831275219A5CFC200201D3B /* CoreGraphics.framework */,
				D831275419A5CFC200201D3B /* UIKit.framework */,
				D831276F19A5CFC300201D3B /* XCTest.framework */,
			);
			name = Frameworks;
			sourceTree = "<group>";
		};
		D831275619A5CFC200201D3B /* SigleViewTsst */ = {
			isa = PBXGroup;
			children = (
				D831275F19A5CFC300201D3B /* PrefixAppDelegate.h */,
				D831276019A5CFC300201D3B /* PrefixAppDelegate.m */,
				D831276219A5CFC300201D3B /* Main.storyboard */,
				D831276519A5CFC300201D3B /* PrefixViewController.h */,
				D831276619A5CFC300201D3B /* PrefixViewController.m */,
				D831276819A5CFC300201D3B /* Images.xcassets */,
				D831275719A5CFC200201D3B /* Supporting Files */,
			);
			path = SigleViewTsst;
			sourceTree = "<group>";
		};
		D831275719A5CFC200201D3B /* Supporting Files */ = {
			isa = PBXGroup;
			children = (
				D831275819A5CFC200201D3B /* SigleViewTsst-Info.plist */,
				D831275919A5CFC200201D3B /* InfoPlist.strings */,
				D831275C19A5CFC300201D3B /* main.m */,
				D831275E19A5CFC300201D3B /* SigleViewTsst-Prefix.pch */,
			);
			name = "Supporting Files";
			sourceTree = "<group>";
		};
		D831277519A5CFC300201D3B /* SigleViewTsstTests */ = {
			isa = PBXGroup;
			children = (
				D831277B19A5CFC300201D3B /* SigleViewTsstTests.m */,
				D831277619A5CFC300201D3B /* Supporting Files */,
			);
			path = SigleViewTsstTests;
			sourceTree = "<group>";
		};
		D831277619A5CFC300201D3B /* Supporting Files */ = {
			isa = PBXGroup;
			children = (
				D831277719A5CFC300201D3B /* SigleViewTsstTests-Info.plist */,
				D831277819A5CFC300201D3B /* InfoPlist.strings */,
			);
			name = "Supporting Files";
			sourceTree = "<group>";
		};
/* End PBXGroup section */

/* Begin PBXNativeTarget section */
		D831274C19A5CFC200201D3B /* SigleViewTsst */ = {
			isa = PBXNativeTarget;
			buildConfigurationList = D831277F19A5CFC300201D3B /* Build configuration list for PBXNativeTarget "SigleViewTsst" */;
			buildPhases = (
				D831274919A5CFC200201D3B /* Sources */,
				D831274A19A5CFC200201D3B /* Frameworks */,
				D831274B19A5CFC200201D3B /* Resources */,
			);
			buildRules = (
			);
			dependencies = (
			);
			name = SigleViewTsst;
			productName = SigleViewTsst;
			productReference = D831274D19A5CFC200201D3B /* SigleViewTsst.app */;
			productType = "com.apple.product-type.application";
		};
		D831276D19A5CFC300201D3B /* SigleViewTsstTests */ = {
			isa = PBXNativeTarget;
			buildConfigurationList = D831278219A5CFC300201D3B /* Build configuration list for PBXNativeTarget "SigleViewTsstTests" */;
			buildPhases = (
				D831276A19A5CFC300201D3B /* Sources */,
				D831276B19A5CFC300201D3B /* Frameworks */,
				D831276C19A5CFC300201D3B /* Resources */,
			);
			buildRules = (
			);
			dependencies = (
				D831277419A5CFC300201D3B /* PBXTargetDependency */,
			);
			name = SigleViewTsstTests;
			productName = SigleViewTsstTests;
			productReference = D831276E19A5CFC300201D3B /* SigleViewTsstTests.xctest */;
			productType = "com.apple.product-type.bundle.unit-test";
		};
/* End PBXNativeTarget section */

/* Begin PBXProject section */
		D831274519A5CFC200201D3B /* Project object */ = {
			isa = PBXProject;
			attributes = {
				CLASSPREFIX = Prefix;
				LastUpgradeCheck = 0510;
				ORGANIZATIONNAME = Joe;
				TargetAttributes = {
					D831276D19A5CFC300201D3B = {
						TestTargetID = D831274C19A5CFC200201D3B;
					};
				};
			};
			buildConfigurationList = D831274819A5CFC200201D3B /* Build configuration list for PBXProject "SigleViewTsst" */;
			compatibilityVersion = "Xcode 3.2";
			developmentRegion = English;
			hasScannedForEncodings = 0;
			knownRegions = (
				en,
				Base,
			);
			mainGroup = D831274419A5CFC200201D3B;
			productRefGroup = D831274E19A5CFC200201D3B /* Products */;
			projectDirPath = "";
			projectRoot = "";
			targets = (
				D831274C19A5CFC200201D3B /* SigleViewTsst */,
				D831276D19A5CFC300201D3B /* SigleViewTsstTests */,
			);
		};
/* End PBXProject section */

/* Begin PBXResourcesBuildPhase section */
		D831274B19A5CFC200201D3B /* Resources */ = {
			isa = PBXResourcesBuildPhase;
			buildActionMask = 2147483647;
			files = (
				D831276919A5CFC300201D3B /* Images.xcassets in Resources */,
				D831275B19A5CFC200201D3B /* InfoPlist.strings in Resources */,
				D831276419A5CFC300201D3B /* Main.storyboard in Resources */,
			);
			runOnlyForDeploymentPostprocessing = 0;
		};
		D831276C19A5CFC300201D3B /* Resources */ = {
			isa = PBXResourcesBuildPhase;
			buildActionMask = 2147483647;
			files = (
				D831277A19A5CFC300201D3B /* InfoPlist.strings in Resources */,
			);
			runOnlyForDeploymentPostprocessing = 0;
		};
/* End PBXResourcesBuildPhase section */

/* Begin PBXSourcesBuildPhase section */
		D831274919A5CFC200201D3B /* Sources */ = {
			isa = PBXSourcesBuildPhase;
			buildActionMask = 2147483647;
			files = (
				D831276719A5CFC300201D3B /* PrefixViewController.m in Sources */,
				D831276119A5CFC300201D3B /* PrefixAppDelegate.m in Sources */,
				D831275D19A5CFC300201D3B /* main.m in Sources */,
			);
			runOnlyForDeploymentPostprocessing = 0;
		};
		D831276A19A5CFC300201D3B /* Sources */ = {
			isa = PBXSourcesBuildPhase;
			buildActionMask = 2147483647;
			files = (
				D831277C19A5CFC300201D3B /* SigleViewTsstTests.m in Sources */,
			);
			runOnlyForDeploymentPostprocessing = 0;
		};
/* End PBXSourcesBuildPhase section */

/* Begin PBXTargetDependency section */
		D831277419A5CFC300201D3B /* PBXTargetDependency */ = {
			isa = PBXTargetDependency;
			target = D831274C19A5CFC200201D3B /* SigleViewTsst */;
			targetProxy = D831277319A5CFC300201D3B /* PBXContainerItemProxy */;
		};
/* End PBXTargetDependency section */

/* Begin PBXVariantGroup section */
		D831275919A5CFC200201D3B /* InfoPlist.strings */ = {
			isa = PBXVariantGroup;
			children = (
				D831275A19A5CFC200201D3B /* en */,
			);
			name = InfoPlist.strings;
			sourceTree = "<group>";
		};
		D831276219A5CFC300201D3B /* Main.storyboard */ = {
			isa = PBXVariantGroup;
			children = (
				D831276319A5CFC300201D3B /* Base */,
			);
			name = Main.storyboard;
			sourceTree = "<group>";
		};
		D831277819A5CFC300201D3B /* InfoPlist.strings */ = {
			isa = PBXVariantGroup;
			children = (
				D831277919A5CFC300201D3B /* en */,
			);
			name = InfoPlist.strings;
			sourceTree = "<group>";
		};
/* End PBXVariantGroup section */

/* Begin XCBuildConfiguration section */
		D831277D19A5CFC300201D3B /* Debug */ = {
			isa = XCBuildConfiguration;
			buildSettings = {
				ALWAYS_SEARCH_USER_PATHS = NO;
				CLANG_CXX_LANGUAGE_STANDARD = "gnu++0x";
				CLANG_CXX_LIBRARY = "libc++";
				CLANG_ENABLE_MODULES = YES;
				CLANG_ENABLE_OBJC_ARC = YES;
				CLANG_WARN_BOOL_CONVERSION = YES;
				CLANG_WARN_CONSTANT_CONVERSION = YES;
				CLANG_WARN_DIRECT_OBJC_ISA_USAGE = YES_ERROR;
				CLANG_WARN_EMPTY_BODY = YES;
				CLANG_WARN_ENUM_CONVERSION = YES;
				CLANG_WARN_INT_CONVERSION = YES;
				CLANG_WARN_OBJC_ROOT_CLASS = YES_ERROR;
				CLANG_WARN__DUPLICATE_METHOD_MATCH = YES;
				"CODE_SIGN_IDENTITY[sdk=iphoneos*]" = "iPhone Developer";
				COPY_PHASE_STRIP = NO;
				GCC_C_LANGUAGE_STANDARD = gnu99;
				GCC_DYNAMIC_NO_PIC = NO;
				GCC_OPTIMIZATION_LEVEL = 0;
				GCC_PREPROCESSOR_DEFINITIONS = (
					"DEBUG=1",
					"$(inherited)",
				);
				GCC_SYMBOLS_PRIVATE_EXTERN = NO;
				GCC_WARN_64_TO_32_BIT_CONVERSION = YES;
				GCC_WARN_ABOUT_RETURN_TYPE = YES_ERROR;
				GCC_WARN_UNDECLARED_SELECTOR = YES;
				GCC_WARN_UNINITIALIZED_AUTOS = YES_AGGRESSIVE;
				GCC_WARN_UNUSED_FUNCTION = YES;
				GCC_WARN_UNUSED_VARIABLE = YES;
				IPHONEOS_DEPLOYMENT_TARGET = 7.1;
				ONLY_ACTIVE_ARCH = YES;
				SDKROOT = iphoneos;
			};
			name = Debug;
		};
		D831277E19A5CFC300201D3B /* Release */ = {
			isa = XCBuildConfiguration;
			buildSettings = {
				ALWAYS_SEARCH_USER_PATHS = NO;
				CLANG_CXX_LANGUAGE_STANDARD = "gnu++0x";
				CLANG_CXX_LIBRARY = "libc++";
				CLANG_ENABLE_MODULES = YES;
				CLANG_ENABLE_OBJC_ARC = YES;
				CLANG_WARN_BOOL_CONVERSION = YES;
				CLANG_WARN_CONSTANT_CONVERSION = YES;
				CLANG_WARN_DIRECT_OBJC_ISA_USAGE = YES_ERROR;
				CLANG_WARN_EMPTY_BODY = YES;
				CLANG_WARN_ENUM_CONVERSION = YES;
				CLANG_WARN_INT_CONVERSION = YES;
				CLANG_WARN_OBJC_ROOT_CLASS = YES_ERROR;
				CLANG_WARN__DUPLICATE_METHOD_MATCH = YES;
				"CODE_SIGN_IDENTITY[sdk=iphoneos*]" = "iPhone Developer";
				COPY_PHASE_STRIP = YES;
				ENABLE_NS_ASSERTIONS = NO;
				GCC_C_LANGUAGE_STANDARD = gnu99;
				GCC_WARN_64_TO_32_BIT_CONVERSION = YES;
				GCC_WARN_ABOUT_RETURN_TYPE = YES_ERROR;
				GCC_WARN_UNDECLARED_SELECTOR = YES;
				GCC_WARN_UNINITIALIZED_AUTOS = YES_AGGRESSIVE;
				GCC_WARN_UNUSED_FUNCTION = YES;
				GCC_WARN_UNUSED_VARIABLE = YES;
				IPHONEOS_DEPLOYMENT_TARGET = 7.1;
				SDKROOT = iphoneos;
				VALIDATE_PRODUCT = YES;
			};
			name = Release;
		};
		D831278019A5CFC300201D3B /* Debug */ = {
			isa = XCBuildConfiguration;
			buildSettings = {
				ASSETCATALOG_COMPILER_APPICON_NAME = AppIcon;
				ASSETCATALOG_COMPILER_LAUNCHIMAGE_NAME = LaunchImage;
				GCC_PRECOMPILE_PREFIX_HEADER = YES;
				GCC_PREFIX_HEADER = "SigleViewTsst/SigleViewTsst-Prefix.pch";
				INFOPLIST_FILE = "SigleViewTsst/SigleViewTsst-Info.plist";
				PRODUCT_NAME = "$(TARGET_NAME)";
				WRAPPER_EXTENSION = app;
			};
			name = Debug;
		};
		D831278119A5CFC300201D3B /* Release */ = {
			isa = XCBuildConfiguration;
			buildSettings = {
				ASSETCATALOG_COMPILER_APPICON_NAME = AppIcon;
				ASSETCATALOG_COMPILER_LAUNCHIMAGE_NAME = LaunchImage;
				GCC_PRECOMPILE_PREFIX_HEADER = YES;
				GCC_PREFIX_HEADER = "SigleViewTsst/SigleViewTsst-Prefix.pch";
				INFOPLIST_FILE = "SigleViewTsst/SigleViewTsst-Info.plist";
				PRODUCT_NAME = "$(TARGET_NAME)";
				WRAPPER_EXTENSION = app;
			};
			name = Release;
		};
		D831278319A5CFC300201D3B /* Debug */ = {
			isa = XCBuildConfiguration;
			buildSettings = {
				BUNDLE_LOADER = "$(BUILT_PRODUCTS_DIR)/SigleViewTsst.app/SigleViewTsst";
				FRAMEWORK_SEARCH_PATHS = (
					"$(SDKROOT)/Developer/Library/Frameworks",
					"$(inherited)",
					"$(DEVELOPER_FRAMEWORKS_DIR)",
				);
				GCC_PRECOMPILE_PREFIX_HEADER = YES;
				GCC_PREFIX_HEADER = "SigleViewTsst/SigleViewTsst-Prefix.pch";
				GCC_PREPROCESSOR_DEFINITIONS = (
					"DEBUG=1",
					"$(inherited)",
				);
				INFOPLIST_FILE = "SigleViewTsstTests/SigleViewTsstTests-Info.plist";
				PRODUCT_NAME = "$(TARGET_NAME)";
				TEST_HOST = "$(BUNDLE_LOADER)";
				WRAPPER_EXTENSION = xctest;
			};
			name = Debug;
		};
		D831278419A5CFC300201D3B /* Release */ = {
			isa = XCBuildConfiguration;
			buildSettings = {
				BUNDLE_LOADER = "$(BUILT_PRODUCTS_DIR)/SigleViewTsst.app/SigleViewTsst";
				FRAMEWORK_SEARCH_PATHS = (
					"$(SDKROOT)/Developer/Library/Frameworks",
					"$(inherited)",
					"$(DEVELOPER_FRAMEWORKS_DIR)",
				);
				GCC_PRECOMPILE_PREFIX_HEADER = YES;
				GCC_PREFIX_HEADER = "SigleViewTsst/SigleViewTsst-Prefix.pch";
				INFOPLIST_FILE = "SigleViewTsstTests/SigleViewTsstTests-Info.plist";
				PRODUCT_NAME = "$(TARGET_NAME)";
				TEST_HOST = "$(BUNDLE_LOADER)";
				WRAPPER_EXTENSION = xctest;
			};
			name = Release;
		};
/* End XCBuildConfiguration section */

/* Begin XCConfigurationList section */
		D831274819A5CFC200201D3B /* Build configuration list for PBXProject "SigleViewTsst" */ = {
			isa = XCConfigurationList;
			buildConfigurations = (
				D831277D19A5CFC300201D3B /* Debug */,
				D831277E19A5CFC300201D3B /* Release */,
			);
			defaultConfigurationIsVisible = 0;
			defaultConfigurationName = Release;
		};
		D831277F19A5CFC300201D3B /* Build configuration list for PBXNativeTarget "SigleViewTsst" */ = {
			isa = XCConfigurationList;
			buildConfigurations = (
				D831278019A5CFC300201D3B /* Debug */,
				D831278119A5CFC300201D3B /* Release */,
			);
			defaultConfigurationIsVisible = 0;
		};
		D831278219A5CFC300201D3B /* Build configuration list for PBXNativeTarget "SigleViewTsstTests" */ = {
			isa = XCConfigurationList;
			buildConfigurations = (
				D831278319A5CFC300201D3B /* Debug */,
				D831278419A5CFC300201D3B /* Release */,
			);
			defaultConfigurationIsVisible = 0;
		};
/* End XCConfigurationList section */
	};
	rootObject = D831274519A5CFC200201D3B /* Project object */;
}
