// !$*UTF8*$!
{
	archiveVersion = 1;
	classes = {
	};
	objectVersion = 46;
	objects = {

/* Begin PBXBuildFile section */
		D87BB1221977D2A7009083E4 /* Foundation.framework in Frameworks */ = {isa = PBXBuildFile; fileRef = D87BB1211977D2A7009083E4 /* Foundation.framework */; };
		D87BB1241977D2A7009083E4 /* CoreGraphics.framework in Frameworks */ = {isa = PBXBuildFile; fileRef = D87BB1231977D2A7009083E4 /* CoreGraphics.framework */; };
		D87BB1261977D2A7009083E4 /* UIKit.framework in Frameworks */ = {isa = PBXBuildFile; fileRef = D87BB1251977D2A7009083E4 /* UIKit.framework */; };
		D87BB12C1977D2A7009083E4 /* InfoPlist.strings in Resources */ = {isa = PBXBuildFile; fileRef = D87BB12A1977D2A7009083E4 /* InfoPlist.strings */; };
		D87BB12E1977D2A7009083E4 /* main.m in Sources */ = {isa = PBXBuildFile; fileRef = D87BB12D1977D2A7009083E4 /* main.m */; };
		D87BB1321977D2A7009083E4 /* MyUIAppDelegate.m in Sources */ = {isa = PBXBuildFile; fileRef = D87BB1311977D2A7009083E4 /* MyUIAppDelegate.m */; };
		D87BB1351977D2A7009083E4 /* Main.storyboard in Resources */ = {isa = PBXBuildFile; fileRef = D87BB1331977D2A7009083E4 /* Main.storyboard */; };
		D87BB1381977D2A7009083E4 /* MyUIViewController.m in Sources */ = {isa = PBXBuildFile; fileRef = D87BB1371977D2A7009083E4 /* MyUIViewController.m */; };
		D87BB13A1977D2A7009083E4 /* Images.xcassets in Resources */ = {isa = PBXBuildFile; fileRef = D87BB1391977D2A7009083E4 /* Images.xcassets */; };
		D87BB1411977D2A7009083E4 /* XCTest.framework in Frameworks */ = {isa = PBXBuildFile; fileRef = D87BB1401977D2A7009083E4 /* XCTest.framework */; };
		D87BB1421977D2A7009083E4 /* Foundation.framework in Frameworks */ = {isa = PBXBuildFile; fileRef = D87BB1211977D2A7009083E4 /* Foundation.framework */; };
		D87BB1431977D2A7009083E4 /* UIKit.framework in Frameworks */ = {isa = PBXBuildFile; fileRef = D87BB1251977D2A7009083E4 /* UIKit.framework */; };
		D87BB14B1977D2A7009083E4 /* InfoPlist.strings in Resources */ = {isa = PBXBuildFile; fileRef = D87BB1491977D2A7009083E4 /* InfoPlist.strings */; };
		D87BB14D1977D2A7009083E4 /* ToolbarTests.m in Sources */ = {isa = PBXBuildFile; fileRef = D87BB14C1977D2A7009083E4 /* ToolbarTests.m */; };
/* End PBXBuildFile section */

/* Begin PBXContainerItemProxy section */
		D87BB1441977D2A7009083E4 /* PBXContainerItemProxy */ = {
			isa = PBXContainerItemProxy;
			containerPortal = D87BB1161977D2A7009083E4 /* Project object */;
			proxyType = 1;
			remoteGlobalIDString = D87BB11D1977D2A7009083E4;
			remoteInfo = Toolbar;
		};
/* End PBXContainerItemProxy section */

/* Begin PBXFileReference section */
		D87BB11E1977D2A7009083E4 /* Toolbar.app */ = {isa = PBXFileReference; explicitFileType = wrapper.application; includeInIndex = 0; path = Toolbar.app; sourceTree = BUILT_PRODUCTS_DIR; };
		D87BB1211977D2A7009083E4 /* Foundation.framework */ = {isa = PBXFileReference; lastKnownFileType = wrapper.framework; name = Foundation.framework; path = System/Library/Frameworks/Foundation.framework; sourceTree = SDKROOT; };
		D87BB1231977D2A7009083E4 /* CoreGraphics.framework */ = {isa = PBXFileReference; lastKnownFileType = wrapper.framework; name = CoreGraphics.framework; path = System/Library/Frameworks/CoreGraphics.framework; sourceTree = SDKROOT; };
		D87BB1251977D2A7009083E4 /* UIKit.framework */ = {isa = PBXFileReference; lastKnownFileType = wrapper.framework; name = UIKit.framework; path = System/Library/Frameworks/UIKit.framework; sourceTree = SDKROOT; };
		D87BB1291977D2A7009083E4 /* Toolbar-Info.plist */ = {isa = PBXFileReference; lastKnownFileType = text.plist.xml; path = "Toolbar-Info.plist"; sourceTree = "<group>"; };
		D87BB12B1977D2A7009083E4 /* en */ = {isa = PBXFileReference; lastKnownFileType = text.plist.strings; name = en; path = en.lproj/InfoPlist.strings; sourceTree = "<group>"; };
		D87BB12D1977D2A7009083E4 /* main.m */ = {isa = PBXFileReference; lastKnownFileType = sourcecode.c.objc; path = main.m; sourceTree = "<group>"; };
		D87BB12F1977D2A7009083E4 /* Toolbar-Prefix.pch */ = {isa = PBXFileReference; lastKnownFileType = sourcecode.c.h; path = "Toolbar-Prefix.pch"; sourceTree = "<group>"; };
		D87BB1301977D2A7009083E4 /* MyUIAppDelegate.h */ = {isa = PBXFileReference; lastKnownFileType = sourcecode.c.h; path = MyUIAppDelegate.h; sourceTree = "<group>"; };
		D87BB1311977D2A7009083E4 /* MyUIAppDelegate.m */ = {isa = PBXFileReference; lastKnownFileType = sourcecode.c.objc; path = MyUIAppDelegate.m; sourceTree = "<group>"; };
		D87BB1341977D2A7009083E4 /* Base */ = {isa = PBXFileReference; lastKnownFileType = file.storyboard; name = Base; path = Base.lproj/Main.storyboard; sourceTree = "<group>"; };
		D87BB1361977D2A7009083E4 /* MyUIViewController.h */ = {isa = PBXFileReference; lastKnownFileType = sourcecode.c.h; path = MyUIViewController.h; sourceTree = "<group>"; };
		D87BB1371977D2A7009083E4 /* MyUIViewController.m */ = {isa = PBXFileReference; lastKnownFileType = sourcecode.c.objc; path = MyUIViewController.m; sourceTree = "<group>"; };
		D87BB1391977D2A7009083E4 /* Images.xcassets */ = {isa = PBXFileReference; lastKnownFileType = folder.assetcatalog; path = Images.xcassets; sourceTree = "<group>"; };
		D87BB13F1977D2A7009083E4 /* ToolbarTests.xctest */ = {isa = PBXFileReference; explicitFileType = wrapper.cfbundle; includeInIndex = 0; path = ToolbarTests.xctest; sourceTree = BUILT_PRODUCTS_DIR; };
		D87BB1401977D2A7009083E4 /* XCTest.framework */ = {isa = PBXFileReference; lastKnownFileType = wrapper.framework; name = XCTest.framework; path = Library/Frameworks/XCTest.framework; sourceTree = DEVELOPER_DIR; };
		D87BB1481977D2A7009083E4 /* ToolbarTests-Info.plist */ = {isa = PBXFileReference; lastKnownFileType = text.plist.xml; path = "ToolbarTests-Info.plist"; sourceTree = "<group>"; };
		D87BB14A1977D2A7009083E4 /* en */ = {isa = PBXFileReference; lastKnownFileType = text.plist.strings; name = en; path = en.lproj/InfoPlist.strings; sourceTree = "<group>"; };
		D87BB14C1977D2A7009083E4 /* ToolbarTests.m */ = {isa = PBXFileReference; lastKnownFileType = sourcecode.c.objc; path = ToolbarTests.m; sourceTree = "<group>"; };
/* End PBXFileReference section */

/* Begin PBXFrameworksBuildPhase section */
		D87BB11B1977D2A7009083E4 /* Frameworks */ = {
			isa = PBXFrameworksBuildPhase;
			buildActionMask = 2147483647;
			files = (
				D87BB1241977D2A7009083E4 /* CoreGraphics.framework in Frameworks */,
				D87BB1261977D2A7009083E4 /* UIKit.framework in Frameworks */,
				D87BB1221977D2A7009083E4 /* Foundation.framework in Frameworks */,
			);
			runOnlyForDeploymentPostprocessing = 0;
		};
		D87BB13C1977D2A7009083E4 /* Frameworks */ = {
			isa = PBXFrameworksBuildPhase;
			buildActionMask = 2147483647;
			files = (
				D87BB1411977D2A7009083E4 /* XCTest.framework in Frameworks */,
				D87BB1431977D2A7009083E4 /* UIKit.framework in Frameworks */,
				D87BB1421977D2A7009083E4 /* Foundation.framework in Frameworks */,
			);
			runOnlyForDeploymentPostprocessing = 0;
		};
/* End PBXFrameworksBuildPhase section */

/* Begin PBXGroup section */
		D87BB1151977D2A7009083E4 = {
			isa = PBXGroup;
			children = (
				D87BB1271977D2A7009083E4 /* Toolbar */,
				D87BB1461977D2A7009083E4 /* ToolbarTests */,
				D87BB1201977D2A7009083E4 /* Frameworks */,
				D87BB11F1977D2A7009083E4 /* Products */,
			);
			sourceTree = "<group>";
		};
		D87BB11F1977D2A7009083E4 /* Products */ = {
			isa = PBXGroup;
			children = (
				D87BB11E1977D2A7009083E4 /* Toolbar.app */,
				D87BB13F1977D2A7009083E4 /* ToolbarTests.xctest */,
			);
			name = Products;
			sourceTree = "<group>";
		};
		D87BB1201977D2A7009083E4 /* Frameworks */ = {
			isa = PBXGroup;
			children = (
				D87BB1211977D2A7009083E4 /* Foundation.framework */,
				D87BB1231977D2A7009083E4 /* CoreGraphics.framework */,
				D87BB1251977D2A7009083E4 /* UIKit.framework */,
				D87BB1401977D2A7009083E4 /* XCTest.framework */,
			);
			name = Frameworks;
			sourceTree = "<group>";
		};
		D87BB1271977D2A7009083E4 /* Toolbar */ = {
			isa = PBXGroup;
			children = (
				D87BB1301977D2A7009083E4 /* MyUIAppDelegate.h */,
				D87BB1311977D2A7009083E4 /* MyUIAppDelegate.m */,
				D87BB1331977D2A7009083E4 /* Main.storyboard */,
				D87BB1361977D2A7009083E4 /* MyUIViewController.h */,
				D87BB1371977D2A7009083E4 /* MyUIViewController.m */,
				D87BB1391977D2A7009083E4 /* Images.xcassets */,
				D87BB1281977D2A7009083E4 /* Supporting Files */,
			);
			path = Toolbar;
			sourceTree = "<group>";
		};
		D87BB1281977D2A7009083E4 /* Supporting Files */ = {
			isa = PBXGroup;
			children = (
				D87BB1291977D2A7009083E4 /* Toolbar-Info.plist */,
				D87BB12A1977D2A7009083E4 /* InfoPlist.strings */,
				D87BB12D1977D2A7009083E4 /* main.m */,
				D87BB12F1977D2A7009083E4 /* Toolbar-Prefix.pch */,
			);
			name = "Supporting Files";
			sourceTree = "<group>";
		};
		D87BB1461977D2A7009083E4 /* ToolbarTests */ = {
			isa = PBXGroup;
			children = (
				D87BB14C1977D2A7009083E4 /* ToolbarTests.m */,
				D87BB1471977D2A7009083E4 /* Supporting Files */,
			);
			path = ToolbarTests;
			sourceTree = "<group>";
		};
		D87BB1471977D2A7009083E4 /* Supporting Files */ = {
			isa = PBXGroup;
			children = (
				D87BB1481977D2A7009083E4 /* ToolbarTests-Info.plist */,
				D87BB1491977D2A7009083E4 /* InfoPlist.strings */,
			);
			name = "Supporting Files";
			sourceTree = "<group>";
		};
/* End PBXGroup section */

/* Begin PBXNativeTarget section */
		D87BB11D1977D2A7009083E4 /* Toolbar */ = {
			isa = PBXNativeTarget;
			buildConfigurationList = D87BB1501977D2A7009083E4 /* Build configuration list for PBXNativeTarget "Toolbar" */;
			buildPhases = (
				D87BB11A1977D2A7009083E4 /* Sources */,
				D87BB11B1977D2A7009083E4 /* Frameworks */,
				D87BB11C1977D2A7009083E4 /* Resources */,
			);
			buildRules = (
			);
			dependencies = (
			);
			name = Toolbar;
			productName = Toolbar;
			productReference = D87BB11E1977D2A7009083E4 /* Toolbar.app */;
			productType = "com.apple.product-type.application";
		};
		D87BB13E1977D2A7009083E4 /* ToolbarTests */ = {
			isa = PBXNativeTarget;
			buildConfigurationList = D87BB1531977D2A7009083E4 /* Build configuration list for PBXNativeTarget "ToolbarTests" */;
			buildPhases = (
				D87BB13B1977D2A7009083E4 /* Sources */,
				D87BB13C1977D2A7009083E4 /* Frameworks */,
				D87BB13D1977D2A7009083E4 /* Resources */,
			);
			buildRules = (
			);
			dependencies = (
				D87BB1451977D2A7009083E4 /* PBXTargetDependency */,
			);
			name = ToolbarTests;
			productName = ToolbarTests;
			productReference = D87BB13F1977D2A7009083E4 /* ToolbarTests.xctest */;
			productType = "com.apple.product-type.bundle.unit-test";
		};
/* End PBXNativeTarget section */

/* Begin PBXProject section */
		D87BB1161977D2A7009083E4 /* Project object */ = {
			isa = PBXProject;
			attributes = {
				CLASSPREFIX = MyUI;
				LastUpgradeCheck = 0510;
				ORGANIZATIONNAME = Joe;
				TargetAttributes = {
					D87BB13E1977D2A7009083E4 = {
						TestTargetID = D87BB11D1977D2A7009083E4;
					};
				};
			};
			buildConfigurationList = D87BB1191977D2A7009083E4 /* Build configuration list for PBXProject "Toolbar" */;
			compatibilityVersion = "Xcode 3.2";
			developmentRegion = English;
			hasScannedForEncodings = 0;
			knownRegions = (
				en,
				Base,
			);
			mainGroup = D87BB1151977D2A7009083E4;
			productRefGroup = D87BB11F1977D2A7009083E4 /* Products */;
			projectDirPath = "";
			projectRoot = "";
			targets = (
				D87BB11D1977D2A7009083E4 /* Toolbar */,
				D87BB13E1977D2A7009083E4 /* ToolbarTests */,
			);
		};
/* End PBXProject section */

/* Begin PBXResourcesBuildPhase section */
		D87BB11C1977D2A7009083E4 /* Resources */ = {
			isa = PBXResourcesBuildPhase;
			buildActionMask = 2147483647;
			files = (
				D87BB13A1977D2A7009083E4 /* Images.xcassets in Resources */,
				D87BB12C1977D2A7009083E4 /* InfoPlist.strings in Resources */,
				D87BB1351977D2A7009083E4 /* Main.storyboard in Resources */,
			);
			runOnlyForDeploymentPostprocessing = 0;
		};
		D87BB13D1977D2A7009083E4 /* Resources */ = {
			isa = PBXResourcesBuildPhase;
			buildActionMask = 2147483647;
			files = (
				D87BB14B1977D2A7009083E4 /* InfoPlist.strings in Resources */,
			);
			runOnlyForDeploymentPostprocessing = 0;
		};
/* End PBXResourcesBuildPhase section */

/* Begin PBXSourcesBuildPhase section */
		D87BB11A1977D2A7009083E4 /* Sources */ = {
			isa = PBXSourcesBuildPhase;
			buildActionMask = 2147483647;
			files = (
				D87BB1321977D2A7009083E4 /* MyUIAppDelegate.m in Sources */,
				D87BB12E1977D2A7009083E4 /* main.m in Sources */,
				D87BB1381977D2A7009083E4 /* MyUIViewController.m in Sources */,
			);
			runOnlyForDeploymentPostprocessing = 0;
		};
		D87BB13B1977D2A7009083E4 /* Sources */ = {
			isa = PBXSourcesBuildPhase;
			buildActionMask = 2147483647;
			files = (
				D87BB14D1977D2A7009083E4 /* ToolbarTests.m in Sources */,
			);
			runOnlyForDeploymentPostprocessing = 0;
		};
/* End PBXSourcesBuildPhase section */

/* Begin PBXTargetDependency section */
		D87BB1451977D2A7009083E4 /* PBXTargetDependency */ = {
			isa = PBXTargetDependency;
			target = D87BB11D1977D2A7009083E4 /* Toolbar */;
			targetProxy = D87BB1441977D2A7009083E4 /* PBXContainerItemProxy */;
		};
/* End PBXTargetDependency section */

/* Begin PBXVariantGroup section */
		D87BB12A1977D2A7009083E4 /* InfoPlist.strings */ = {
			isa = PBXVariantGroup;
			children = (
				D87BB12B1977D2A7009083E4 /* en */,
			);
			name = InfoPlist.strings;
			sourceTree = "<group>";
		};
		D87BB1331977D2A7009083E4 /* Main.storyboard */ = {
			isa = PBXVariantGroup;
			children = (
				D87BB1341977D2A7009083E4 /* Base */,
			);
			name = Main.storyboard;
			sourceTree = "<group>";
		};
		D87BB1491977D2A7009083E4 /* InfoPlist.strings */ = {
			isa = PBXVariantGroup;
			children = (
				D87BB14A1977D2A7009083E4 /* en */,
			);
			name = InfoPlist.strings;
			sourceTree = "<group>";
		};
/* End PBXVariantGroup section */

/* Begin XCBuildConfiguration section */
		D87BB14E1977D2A7009083E4 /* Debug */ = {
			isa = XCBuildConfiguration;
			buildSettings = {
				ALWAYS_SEARCH_USER_PATHS = NO;
				CLANG_CXX_LANGUAGE_STANDARD = "gnu++0x";
				CLANG_CXX_LIBRARY = "libc++";
				CLANG_ENABLE_MODULES = YES;
				CLANG_ENABLE_OBJC_ARC = YES;
				CLANG_WARN_BOOL_CONVERSION = YES;
				CLANG_WARN_CONSTANT_CONVERSION = YES;
				CLANG_WARN_DIRECT_OBJC_ISA_USAGE = YES_ERROR;
				CLANG_WARN_EMPTY_BODY = YES;
				CLANG_WARN_ENUM_CONVERSION = YES;
				CLANG_WARN_INT_CONVERSION = YES;
				CLANG_WARN_OBJC_ROOT_CLASS = YES_ERROR;
				CLANG_WARN__DUPLICATE_METHOD_MATCH = YES;
				"CODE_SIGN_IDENTITY[sdk=iphoneos*]" = "iPhone Developer";
				COPY_PHASE_STRIP = NO;
				GCC_C_LANGUAGE_STANDARD = gnu99;
				GCC_DYNAMIC_NO_PIC = NO;
				GCC_OPTIMIZATION_LEVEL = 0;
				GCC_PREPROCESSOR_DEFINITIONS = (
					"DEBUG=1",
					"$(inherited)",
				);
				GCC_SYMBOLS_PRIVATE_EXTERN = NO;
				GCC_WARN_64_TO_32_BIT_CONVERSION = YES;
				GCC_WARN_ABOUT_RETURN_TYPE = YES_ERROR;
				GCC_WARN_UNDECLARED_SELECTOR = YES;
				GCC_WARN_UNINITIALIZED_AUTOS = YES_AGGRESSIVE;
				GCC_WARN_UNUSED_FUNCTION = YES;
				GCC_WARN_UNUSED_VARIABLE = YES;
				IPHONEOS_DEPLOYMENT_TARGET = 7.1;
				ONLY_ACTIVE_ARCH = YES;
				SDKROOT = iphoneos;
			};
			name = Debug;
		};
		D87BB14F1977D2A7009083E4 /* Release */ = {
			isa = XCBuildConfiguration;
			buildSettings = {
				ALWAYS_SEARCH_USER_PATHS = NO;
				CLANG_CXX_LANGUAGE_STANDARD = "gnu++0x";
				CLANG_CXX_LIBRARY = "libc++";
				CLANG_ENABLE_MODULES = YES;
				CLANG_ENABLE_OBJC_ARC = YES;
				CLANG_WARN_BOOL_CONVERSION = YES;
				CLANG_WARN_CONSTANT_CONVERSION = YES;
				CLANG_WARN_DIRECT_OBJC_ISA_USAGE = YES_ERROR;
				CLANG_WARN_EMPTY_BODY = YES;
				CLANG_WARN_ENUM_CONVERSION = YES;
				CLANG_WARN_INT_CONVERSION = YES;
				CLANG_WARN_OBJC_ROOT_CLASS = YES_ERROR;
				CLANG_WARN__DUPLICATE_METHOD_MATCH = YES;
				"CODE_SIGN_IDENTITY[sdk=iphoneos*]" = "iPhone Developer";
				COPY_PHASE_STRIP = YES;
				ENABLE_NS_ASSERTIONS = NO;
				GCC_C_LANGUAGE_STANDARD = gnu99;
				GCC_WARN_64_TO_32_BIT_CONVERSION = YES;
				GCC_WARN_ABOUT_RETURN_TYPE = YES_ERROR;
				GCC_WARN_UNDECLARED_SELECTOR = YES;
				GCC_WARN_UNINITIALIZED_AUTOS = YES_AGGRESSIVE;
				GCC_WARN_UNUSED_FUNCTION = YES;
				GCC_WARN_UNUSED_VARIABLE = YES;
				IPHONEOS_DEPLOYMENT_TARGET = 7.1;
				SDKROOT = iphoneos;
				VALIDATE_PRODUCT = YES;
			};
			name = Release;
		};
		D87BB1511977D2A7009083E4 /* Debug */ = {
			isa = XCBuildConfiguration;
			buildSettings = {
				ASSETCATALOG_COMPILER_APPICON_NAME = AppIcon;
				ASSETCATALOG_COMPILER_LAUNCHIMAGE_NAME = LaunchImage;
				GCC_PRECOMPILE_PREFIX_HEADER = YES;
				GCC_PREFIX_HEADER = "Toolbar/Toolbar-Prefix.pch";
				INFOPLIST_FILE = "Toolbar/Toolbar-Info.plist";
				PRODUCT_NAME = "$(TARGET_NAME)";
				WRAPPER_EXTENSION = app;
			};
			name = Debug;
		};
		D87BB1521977D2A7009083E4 /* Release */ = {
			isa = XCBuildConfiguration;
			buildSettings = {
				ASSETCATALOG_COMPILER_APPICON_NAME = AppIcon;
				ASSETCATALOG_COMPILER_LAUNCHIMAGE_NAME = LaunchImage;
				GCC_PRECOMPILE_PREFIX_HEADER = YES;
				GCC_PREFIX_HEADER = "Toolbar/Toolbar-Prefix.pch";
				INFOPLIST_FILE = "Toolbar/Toolbar-Info.plist";
				PRODUCT_NAME = "$(TARGET_NAME)";
				WRAPPER_EXTENSION = app;
			};
			name = Release;
		};
		D87BB1541977D2A7009083E4 /* Debug */ = {
			isa = XCBuildConfiguration;
			buildSettings = {
				BUNDLE_LOADER = "$(BUILT_PRODUCTS_DIR)/Toolbar.app/Toolbar";
				FRAMEWORK_SEARCH_PATHS = (
					"$(SDKROOT)/Developer/Library/Frameworks",
					"$(inherited)",
					"$(DEVELOPER_FRAMEWORKS_DIR)",
				);
				GCC_PRECOMPILE_PREFIX_HEADER = YES;
				GCC_PREFIX_HEADER = "Toolbar/Toolbar-Prefix.pch";
				GCC_PREPROCESSOR_DEFINITIONS = (
					"DEBUG=1",
					"$(inherited)",
				);
				INFOPLIST_FILE = "ToolbarTests/ToolbarTests-Info.plist";
				PRODUCT_NAME = "$(TARGET_NAME)";
				TEST_HOST = "$(BUNDLE_LOADER)";
				WRAPPER_EXTENSION = xctest;
			};
			name = Debug;
		};
		D87BB1551977D2A7009083E4 /* Release */ = {
			isa = XCBuildConfiguration;
			buildSettings = {
				BUNDLE_LOADER = "$(BUILT_PRODUCTS_DIR)/Toolbar.app/Toolbar";
				FRAMEWORK_SEARCH_PATHS = (
					"$(SDKROOT)/Developer/Library/Frameworks",
					"$(inherited)",
					"$(DEVELOPER_FRAMEWORKS_DIR)",
				);
				GCC_PRECOMPILE_PREFIX_HEADER = YES;
				GCC_PREFIX_HEADER = "Toolbar/Toolbar-Prefix.pch";
				INFOPLIST_FILE = "ToolbarTests/ToolbarTests-Info.plist";
				PRODUCT_NAME = "$(TARGET_NAME)";
				TEST_HOST = "$(BUNDLE_LOADER)";
				WRAPPER_EXTENSION = xctest;
			};
			name = Release;
		};
/* End XCBuildConfiguration section */

/* Begin XCConfigurationList section */
		D87BB1191977D2A7009083E4 /* Build configuration list for PBXProject "Toolbar" */ = {
			isa = XCConfigurationList;
			buildConfigurations = (
				D87BB14E1977D2A7009083E4 /* Debug */,
				D87BB14F1977D2A7009083E4 /* Release */,
			);
			defaultConfigurationIsVisible = 0;
			defaultConfigurationName = Release;
		};
		D87BB1501977D2A7009083E4 /* Build configuration list for PBXNativeTarget "Toolbar" */ = {
			isa = XCConfigurationList;
			buildConfigurations = (
				D87BB1511977D2A7009083E4 /* Debug */,
				D87BB1521977D2A7009083E4 /* Release */,
			);
			defaultConfigurationIsVisible = 0;
		};
		D87BB1531977D2A7009083E4 /* Build configuration list for PBXNativeTarget "ToolbarTests" */ = {
			isa = XCConfigurationList;
			buildConfigurations = (
				D87BB1541977D2A7009083E4 /* Debug */,
				D87BB1551977D2A7009083E4 /* Release */,
			);
			defaultConfigurationIsVisible = 0;
		};
/* End XCConfigurationList section */
	};
	rootObject = D87BB1161977D2A7009083E4 /* Project object */;
}
